
Microsoft Visual Studio Solution File, Format Version 12.00
# Visual Studio Version 18
VisualStudioVersion = 18.9.12128.139
MinimumVisualStudioVersion = 10.0.40219.1
Project("{2150E333-8FDC-42A3-9474-1A3956D46DE8}") = "Infrastructures", "Infrastructures", "{02EA681E-C7D8-13C7-8484-4AC65E1B71E8}"
EndProject
Project("{2150E333-8FDC-42A3-9474-1A3956D46DE8}") = "Modules", "Modules", "{868F13B2-CC3C-48F2-BCE3-C1448585EE6B}"
EndProject
Project("{2150E333-8FDC-42A3-9474-1A3956D46DE8}") = "Shared", "Shared", "{057D51BC-860A-4F6F-86A7-7014364C2680}"
EndProject
Project("{2150E333-8FDC-42A3-9474-1A3956D46DE8}") = "SolutionItems", "SolutionItems", "{F68647E6-9B0F-4B9B-846A-8AE86C4A1E30}"
	ProjectSection(SolutionItems) = preProject
		Directory.Packages.props = Directory.Packages.props
	EndProjectSection
EndProject
Project("{2150E333-8FDC-42A3-9474-1A3956D46DE8}") = "NXAI.System", "NXAI.System", "{204A148A-FF57-4294-B2EF-630122EC2506}"
EndProject
Project("{FAE04EC0-301F-11D3-BF4B-00C04F79EFBC}") = "NXAI.Infra.Core", "src\Infrastructures\NXAI.Infra.Core\NXAI.Infra.Core.csproj", "{AE0429AC-5320-8EB2-D27B-53E12CC71163}"
EndProject
Project("{FAE04EC0-301F-11D3-BF4B-00C04F79EFBC}") = "NXAI.Infra.EventBus", "src\Infrastructures\NXAI.Infra.EventBus\NXAI.Infra.EventBus.csproj", "{A9061921-9F2C-4548-A44C-A0F4A02A8932}"
EndProject
Project("{FAE04EC0-301F-11D3-BF4B-00C04F79EFBC}") = "NXAI.Infra.Helper", "src\Infrastructures\NXAI.Infra.Helper\NXAI.Infra.Helper.csproj", "{F3D90361-7CC1-8628-44E6-7E02EF824AF7}"
EndProject
Project("{FAE04EC0-301F-11D3-BF4B-00C04F79EFBC}") = "NXAI.Infra.IdGenerater", "src\Infrastructures\NXAI.Infra.IdGenerater\NXAI.Infra.IdGenerater.csproj", "{8982A3A8-816C-1420-1259-BE726FD7327E}"
EndProject
Project("{FAE04EC0-301F-11D3-BF4B-00C04F79EFBC}") = "NXAI.Infra.Redis", "src\Infrastructures\NXAI.Infra.Redis\NXAI.Infra.Redis.csproj", "{F5FEE5AC-624C-B870-C979-D38EAE6F4634}"
EndProject
Project("{FAE04EC0-301F-11D3-BF4B-00C04F79EFBC}") = "NXAI.Infra.Redis.Caching", "src\Infrastructures\NXAI.Infra.Redis.Caching\NXAI.Infra.Redis.Caching.csproj", "{302F969D-3D77-51F5-1B60-9E90D473FF8B}"
EndProject
Project("{FAE04EC0-301F-11D3-BF4B-00C04F79EFBC}") = "NXAI.Infra.Repository", "src\Infrastructures\NXAI.Infra.Repository\NXAI.Infra.Repository.csproj", "{7D542F1D-01D2-4FAB-F2D1-D340871AA6FA}"
EndProject
Project("{FAE04EC0-301F-11D3-BF4B-00C04F79EFBC}") = "NXAI.Infra.Repository.Dapper", "src\Infrastructures\NXAI.Infra.Repository.Dapper\NXAI.Infra.Repository.Dapper.csproj", "{F0A5C0EA-F296-4E23-ACF4-49A9807A447F}"
EndProject
Project("{FAE04EC0-301F-11D3-BF4B-00C04F79EFBC}") = "NXAI.Infra.Repository.EfCore", "src\Infrastructures\NXAI.Infra.Repository.EfCore\NXAI.Infra.Repository.EfCore.csproj", "{02FA04F5-6359-615E-5EE0-ED6FEDBA7EDE}"
EndProject
Project("{FAE04EC0-301F-11D3-BF4B-00C04F79EFBC}") = "NXAI.Infra.Repository.EfCore.MongoDB", "src\Infrastructures\NXAI.Infra.Repository.EfCore.MongoDB\NXAI.Infra.Repository.EfCore.MongoDB.csproj", "{BFE0165A-833A-0280-FB0B-BA5A8AC918C2}"
EndProject
Project("{FAE04EC0-301F-11D3-BF4B-00C04F79EFBC}") = "NXAI.Infra.Repository.EfCore.MySql", "src\Infrastructures\NXAI.Infra.Repository.EfCore.MySql\NXAI.Infra.Repository.EfCore.MySql.csproj", "{D471EB74-7CD6-7CE7-B37A-9FDA32A6F9D3}"
EndProject
Project("{FAE04EC0-301F-11D3-BF4B-00C04F79EFBC}") = "NXAI.Infra.Repository.EfCore.SqlServer", "src\Infrastructures\NXAI.Infra.Repository.EfCore.SqlServer\NXAI.Infra.Repository.EfCore.SqlServer.csproj", "{C87BB4C7-9232-5461-3E2D-1ACE884A5226}"
EndProject
Project("{FAE04EC0-301F-11D3-BF4B-00C04F79EFBC}") = "NXAI.Shared", "src\Shared\NXAI.Shared\NXAI.Shared.csproj", "{91630834-0D77-2506-F0CC-BBC8E3ADD2D6}"
EndProject
Project("{FAE04EC0-301F-11D3-BF4B-00C04F79EFBC}") = "NXAI.Shared.Application", "src\Shared\NXAI.Shared.Application\NXAI.Shared.Application.csproj", "{8209F87A-42BB-0AF5-EB61-95DB02ABF00B}"
EndProject
Project("{FAE04EC0-301F-11D3-BF4B-00C04F79EFBC}") = "NXAI.Shared.Application.Contracts", "src\Shared\NXAI.Shared.Application.Contracts\NXAI.Shared.Application.Contracts.csproj", "{85EEF4ED-07F3-383D-FC04-3F07F50A2296}"
EndProject
Project("{FAE04EC0-301F-11D3-BF4B-00C04F79EFBC}") = "NXAI.Shared.Domain", "src\Shared\NXAI.Shared.Domain\NXAI.Shared.Domain.csproj", "{25C68855-5DAE-B870-9189-CEB35B157A5B}"
EndProject
Project("{FAE04EC0-301F-11D3-BF4B-00C04F79EFBC}") = "NXAI.Shared.Remote", "src\Shared\NXAI.Shared.Remote\NXAI.Shared.Remote.csproj", "{8900BB34-9F69-0F6B-A5EC-FF8A74591A5D}"
EndProject
Project("{FAE04EC0-301F-11D3-BF4B-00C04F79EFBC}") = "NXAI.Shared.Repository", "src\Shared\NXAI.Shared.Repository\NXAI.Shared.Repository.csproj", "{F43AD383-66BB-4F0F-89DC-27B73E75304A}"
EndProject
Project("{FAE04EC0-301F-11D3-BF4B-00C04F79EFBC}") = "NXAI.Shared.WebApi", "src\Shared\NXAI.Shared.WebApi\NXAI.Shared.WebApi.csproj", "{BF0EB31A-9670-E468-2C20-A71255C1679D}"
EndProject
Project("{FAE04EC0-301F-11D3-BF4B-00C04F79EFBC}") = "NXAI.System.Application", "src\Modules\NXAI.System\NXAI.System.Application\NXAI.System.Application.csproj", "{1909DEED-59A8-CB0F-C4ED-72E94BC55402}"
EndProject
Project("{FAE04EC0-301F-11D3-BF4B-00C04F79EFBC}") = "NXAI.System.Application.Contracts", "src\Modules\NXAI.System\NXAI.System.Application.Contracts\NXAI.System.Application.Contracts.csproj", "{759C957A-CDE9-B580-CABD-35A59096CF30}"
EndProject
Project("{FAE04EC0-301F-11D3-BF4B-00C04F79EFBC}") = "NXAI.System.Repository", "src\Modules\NXAI.System\NXAI.System.Repository\NXAI.System.Repository.csproj", "{B87D0081-B7A8-A152-E30D-69F8D27C9070}"
EndProject
Project("{FAE04EC0-301F-11D3-BF4B-00C04F79EFBC}") = "NXAI.System.API", "src\Modules\NXAI.System\NXAI.System.API\NXAI.System.API.csproj", "{1C412AC8-9A7F-44B9-B5E3-8D00F433C834}"
EndProject
Project("{FAE04EC0-301F-11D3-BF4B-00C04F79EFBC}") = "NXAI.Host", "src\Hosts\NXAI.Host\NXAI.Host.csproj", "{9273E321-2A9C-6F19-E45B-37A58B2E0FC1}"
EndProject
Project("{2150E333-8FDC-42A3-9474-1A3956D46DE8}") = "Host", "Host", "{E9DFBC27-49B5-42DB-AE6B-6213015318DE}"
EndProject
Project("{2150E333-8FDC-42A3-9474-1A3956D46DE8}") = "NXAI.AfterSales", "NXAI.AfterSales", "{5D553E02-0FC5-4183-9FF0-13711768BE6A}"
EndProject
Project("{2150E333-8FDC-42A3-9474-1A3956D46DE8}") = "NXAI.Asset", "NXAI.Asset", "{88FC7594-7917-4A27-AE4E-905E26239FFD}"
EndProject
Project("{2150E333-8FDC-42A3-9474-1A3956D46DE8}") = "NXAI.Catalog", "NXAI.Catalog", "{67DDF066-D268-46A5-9016-7990AEACA32A}"
EndProject
Project("{2150E333-8FDC-42A3-9474-1A3956D46DE8}") = "NXAI.Cooking", "NXAI.Cooking", "{495FC73B-152D-4A8E-9EE0-FA9C771B9EE4}"
EndProject
Project("{2150E333-8FDC-42A3-9474-1A3956D46DE8}") = "NXAI.Device", "NXAI.Device", "{2B4AC094-B476-474E-938D-6527A5BCD6BC}"
EndProject
Project("{2150E333-8FDC-42A3-9474-1A3956D46DE8}") = "NXAI.Inventory", "NXAI.Inventory", "{9A41411C-EE7B-46CB-A3C1-27122CED6C0B}"
EndProject
Project("{2150E333-8FDC-42A3-9474-1A3956D46DE8}") = "NXAI.Member", "NXAI.Member", "{49A77A54-F82A-4F85-A2CF-86541513C494}"
EndProject
Project("{2150E333-8FDC-42A3-9474-1A3956D46DE8}") = "NXAI.Recipe", "NXAI.Recipe", "{09632E07-6098-48EB-80A1-87E4682C1F49}"
EndProject
Project("{FAE04EC0-301F-11D3-BF4B-00C04F79EFBC}") = "NXAI.AfterSales.API", "src\Modules\NXAI.AfterSales\NXAI.AfterSales.API\NXAI.AfterSales.API.csproj", "{515FE8F5-CA47-6FB2-C20D-9C0E32288879}"
EndProject
Project("{FAE04EC0-301F-11D3-BF4B-00C04F79EFBC}") = "NXAI.AfterSales.Application", "src\Modules\NXAI.AfterSales\NXAI.AfterSales.Application\NXAI.AfterSales.Application.csproj", "{4622DE4D-7E8E-F98C-26D0-35A83985072D}"
EndProject
Project("{FAE04EC0-301F-11D3-BF4B-00C04F79EFBC}") = "NXAI.AfterSales.Application.Contracts", "src\Modules\NXAI.AfterSales\NXAI.AfterSales.Application.Contracts\NXAI.AfterSales.Application.Contracts.csproj", "{58CF8157-ED41-F6E2-34BA-2C51405D8BBF}"
EndProject
Project("{FAE04EC0-301F-11D3-BF4B-00C04F79EFBC}") = "NXAI.AfterSales.Repository", "src\Modules\NXAI.AfterSales\NXAI.AfterSales.Repository\NXAI.AfterSales.Repository.csproj", "{4FFDCCAE-D9DF-D66B-93DB-79710BCA45A2}"
EndProject
Project("{FAE04EC0-301F-11D3-BF4B-00C04F79EFBC}") = "NXAI.Asset.API", "src\Modules\NXAI.Asset\NXAI.Asset.API\NXAI.Asset.API.csproj", "{1192A5E3-ABA7-37C6-6B51-83D5ACC33F84}"
EndProject
Project("{FAE04EC0-301F-11D3-BF4B-00C04F79EFBC}") = "NXAI.Asset.Application", "src\Modules\NXAI.Asset\NXAI.Asset.Application\NXAI.Asset.Application.csproj", "{A707C0EE-F9D9-9B00-6DB8-26AF78EA68BC}"
EndProject
Project("{FAE04EC0-301F-11D3-BF4B-00C04F79EFBC}") = "NXAI.Asset.Application.Contracts", "src\Modules\NXAI.Asset\NXAI.Asset.Application.Contracts\NXAI.Asset.Application.Contracts.csproj", "{73A1BE11-D8ED-0743-FCAE-6FDB8CE126EA}"
EndProject
Project("{FAE04EC0-301F-11D3-BF4B-00C04F79EFBC}") = "NXAI.Asset.Repository", "src\Modules\NXAI.Asset\NXAI.Asset.Repository\NXAI.Asset.Repository.csproj", "{F1D3C273-B13B-5CF7-5075-65A064EC3A7C}"
EndProject
Project("{FAE04EC0-301F-11D3-BF4B-00C04F79EFBC}") = "NXAI.Catalog.API", "src\Modules\NXAI.Catalog\NXAI.Catalog.API\NXAI.Catalog.API.csproj", "{3B6A4B67-FD55-CF70-6D37-5277C848FF30}"
EndProject
Project("{FAE04EC0-301F-11D3-BF4B-00C04F79EFBC}") = "NXAI.Catalog.Application", "src\Modules\NXAI.Catalog\NXAI.Catalog.Application\NXAI.Catalog.Application.csproj", "{4B366BF2-A786-6369-203C-4E1C0C7C6A79}"
EndProject
Project("{FAE04EC0-301F-11D3-BF4B-00C04F79EFBC}") = "NXAI.Catalog.Application.Contracts", "src\Modules\NXAI.Catalog\NXAI.Catalog.Application.Contracts\NXAI.Catalog.Application.Contracts.csproj", "{31F9F855-CB55-BFE0-19A8-893C0D448B33}"
EndProject
Project("{FAE04EC0-301F-11D3-BF4B-00C04F79EFBC}") = "NXAI.Catalog.Repository", "src\Modules\NXAI.Catalog\NXAI.Catalog.Repository\NXAI.Catalog.Repository.csproj", "{DE5BBEF9-4A61-4DED-85AC-35953DF189B9}"
EndProject
Project("{FAE04EC0-301F-11D3-BF4B-00C04F79EFBC}") = "NXAI.Cooking.API", "src\Modules\NXAI.Cooking\NXAI.Cooking.API\NXAI.Cooking.API.csproj", "{90ED18D8-59DC-10EA-4546-5F4BE2C87861}"
EndProject
Project("{FAE04EC0-301F-11D3-BF4B-00C04F79EFBC}") = "NXAI.Cooking.Application", "src\Modules\NXAI.Cooking\NXAI.Cooking.Application\NXAI.Cooking.Application.csproj", "{74A28C5C-F5BE-3434-8096-D1C6021C5DC0}"
EndProject
Project("{FAE04EC0-301F-11D3-BF4B-00C04F79EFBC}") = "NXAI.Cooking.Application.Contracts", "src\Modules\NXAI.Cooking\NXAI.Cooking.Application.Contracts\NXAI.Cooking.Application.Contracts.csproj", "{E236F35F-A16D-9715-70E1-DA8F5C7755EC}"
EndProject
Project("{FAE04EC0-301F-11D3-BF4B-00C04F79EFBC}") = "NXAI.Cooking.Repository", "src\Modules\NXAI.Cooking\NXAI.Cooking.Repository\NXAI.Cooking.Repository.csproj", "{2AF576A8-10A7-D994-FD33-7E32C6836A9C}"
EndProject
Project("{FAE04EC0-301F-11D3-BF4B-00C04F79EFBC}") = "NXAI.Device.API", "src\Modules\NXAI.Device\NXAI.Device.API\NXAI.Device.API.csproj", "{ADEADA7B-80D9-3596-F25B-1FD95B0776A0}"
EndProject
Project("{FAE04EC0-301F-11D3-BF4B-00C04F79EFBC}") = "NXAI.Device.Application", "src\Modules\NXAI.Device\NXAI.Device.Application\NXAI.Device.Application.csproj", "{18D49314-22F8-8ED8-F18F-56AE8BBBF59C}"
EndProject
Project("{FAE04EC0-301F-11D3-BF4B-00C04F79EFBC}") = "NXAI.Device.Application.Contracts", "src\Modules\NXAI.Device\NXAI.Device.Application.Contracts\NXAI.Device.Application.Contracts.csproj", "{90D79DD3-FEC5-B6B2-4276-8675CB4AB11F}"
EndProject
Project("{FAE04EC0-301F-11D3-BF4B-00C04F79EFBC}") = "NXAI.Device.Repository", "src\Modules\NXAI.Device\NXAI.Device.Repository\NXAI.Device.Repository.csproj", "{602E0774-E694-5009-F9A0-7A492608C965}"
EndProject
Project("{FAE04EC0-301F-11D3-BF4B-00C04F79EFBC}") = "NXAI.Inventory.API", "src\Modules\NXAI.Inventory\NXAI.Inventory.API\NXAI.Inventory.API.csproj", "{E4FEF381-8C82-E6B8-99AE-39DC19274625}"
EndProject
Project("{FAE04EC0-301F-11D3-BF4B-00C04F79EFBC}") = "NXAI.Inventory.Application", "src\Modules\NXAI.Inventory\NXAI.Inventory.Application\NXAI.Inventory.Application.csproj", "{59F51E9D-8C63-C2B1-AFC2-3081955E4A77}"
EndProject
Project("{FAE04EC0-301F-11D3-BF4B-00C04F79EFBC}") = "NXAI.Inventory.Application.Contracts", "src\Modules\NXAI.Inventory\NXAI.Inventory.Application.Contracts\NXAI.Inventory.Application.Contracts.csproj", "{3F65094B-51E4-8C5A-17AC-A5CDE6D14B98}"
EndProject
Project("{FAE04EC0-301F-11D3-BF4B-00C04F79EFBC}") = "NXAI.Inventory.Repository", "src\Modules\NXAI.Inventory\NXAI.Inventory.Repository\NXAI.Inventory.Repository.csproj", "{E99EE275-2F6B-E956-0A46-E9574968E07A}"
EndProject
Project("{FAE04EC0-301F-11D3-BF4B-00C04F79EFBC}") = "NXAI.Member.API", "src\Modules\NXAI.Member\NXAI.Member.API\NXAI.Member.API.csproj", "{1EE30D03-2595-D1CF-5CCF-811714A19E7A}"
EndProject
Project("{FAE04EC0-301F-11D3-BF4B-00C04F79EFBC}") = "NXAI.Member.Application", "src\Modules\NXAI.Member\NXAI.Member.Application\NXAI.Member.Application.csproj", "{3DA702B9-437A-CC85-D91F-993A5F1F0576}"
EndProject
Project("{FAE04EC0-301F-11D3-BF4B-00C04F79EFBC}") = "NXAI.Member.Application.Contracts", "src\Modules\NXAI.Member\NXAI.Member.Application.Contracts\NXAI.Member.Application.Contracts.csproj", "{420F5F1C-1311-2501-1887-D0DF280F8ECC}"
EndProject
Project("{FAE04EC0-301F-11D3-BF4B-00C04F79EFBC}") = "NXAI.Member.Repository", "src\Modules\NXAI.Member\NXAI.Member.Repository\NXAI.Member.Repository.csproj", "{C922AD0B-01C8-326F-F207-2F969663C38B}"
EndProject
Project("{FAE04EC0-301F-11D3-BF4B-00C04F79EFBC}") = "NXAI.Recipe.API", "src\Modules\NXAI.Recipe\NXAI.Recipe.API\NXAI.Recipe.API.csproj", "{E3C467AB-830D-0602-4442-3AFCFCD2809A}"
EndProject
Project("{FAE04EC0-301F-11D3-BF4B-00C04F79EFBC}") = "NXAI.Recipe.Application", "src\Modules\NXAI.Recipe\NXAI.Recipe.Application\NXAI.Recipe.Application.csproj", "{CE7AE76A-CF0E-7E15-B893-4129E130802E}"
EndProject
Project("{FAE04EC0-301F-11D3-BF4B-00C04F79EFBC}") = "NXAI.Recipe.Application.Contracts", "src\Modules\NXAI.Recipe\NXAI.Recipe.Application.Contracts\NXAI.Recipe.Application.Contracts.csproj", "{0F5F4DF0-3A9D-A895-3089-4E592CF123CC}"
EndProject
Project("{FAE04EC0-301F-11D3-BF4B-00C04F79EFBC}") = "NXAI.Recipe.Repository", "src\Modules\NXAI.Recipe\NXAI.Recipe.Repository\NXAI.Recipe.Repository.csproj", "{54C7BCAC-0DA4-EE59-AB41-BAC5A398AEAA}"
EndProject
Project("{FAE04EC0-301F-11D3-BF4B-00C04F79EFBC}") = "NXAI.Shared.Pot", "src\Shared\NXAI.Shared.Pot\NXAI.Shared.Pot.csproj", "{14FEA3DB-C982-480E-B137-AA5FB351A462}"
EndProject
Project("{2150E333-8FDC-42A3-9474-1A3956D46DE8}") = "Tests", "Tests", "{0AB3BF05-4346-4AA6-1389-037BE0695223}"
EndProject
Project("{FAE04EC0-301F-11D3-BF4B-00C04F79EFBC}") = "NXAI.Shared.Pot.Tests", "tests\NXAI.Shared.Pot.Tests\NXAI.Shared.Pot.Tests.csproj", "{66A27C51-9BB2-4992-B007-6FE87490B636}"
EndProject
Project("{2150E333-8FDC-42A3-9474-1A3956D46DE8}") = "src", "src", "{827E0CD3-B72D-47B6-A68D-7590B98EB39B}"
EndProject
Project("{2150E333-8FDC-42A3-9474-1A3956D46DE8}") = "Tools", "Tools", "{DCB6FCB8-FF92-AC57-0842-1F72A354D6B1}"
EndProject
Project("{FAE04EC0-301F-11D3-BF4B-00C04F79EFBC}") = "NXAI.PotSimulator", "src\Tools\NXAI.PotSimulator\NXAI.PotSimulator.csproj", "{2CAA480C-753D-4A17-868D-CEF49008CFF7}"
EndProject
Project("{2150E333-8FDC-42A3-9474-1A3956D46DE8}") = "Shared", "Shared", "{C8E42992-5E42-0C2B-DBFE-AA848D06431C}"
EndProject
Global
	GlobalSection(SolutionConfigurationPlatforms) = preSolution
		Debug|Any CPU = Debug|Any CPU
		Debug|x64 = Debug|x64
		Debug|x86 = Debug|x86
		Release|Any CPU = Release|Any CPU
		Release|x64 = Release|x64
		Release|x86 = Release|x86
	EndGlobalSection
	GlobalSection(ProjectConfigurationPlatforms) = postSolution
		{AE0429AC-5320-8EB2-D27B-53E12CC71163}.Debug|Any CPU.ActiveCfg = Debug|Any CPU
		{AE0429AC-5320-8EB2-D27B-53E12CC71163}.Debug|Any CPU.Build.0 = Debug|Any CPU
		{AE0429AC-5320-8EB2-D27B-53E12CC71163}.Debug|x64.ActiveCfg = Debug|Any CPU
		{AE0429AC-5320-8EB2-D27B-53E12CC71163}.Debug|x64.Build.0 = Debug|Any CPU
		{AE0429AC-5320-8EB2-D27B-53E12CC71163}.Debug|x86.ActiveCfg = Debug|Any CPU
		{AE0429AC-5320-8EB2-D27B-53E12CC71163}.Debug|x86.Build.0 = Debug|Any CPU
		{AE0429AC-5320-8EB2-D27B-53E12CC71163}.Release|Any CPU.ActiveCfg = Release|Any CPU
		{AE0429AC-5320-8EB2-D27B-53E12CC71163}.Release|Any CPU.Build.0 = Release|Any CPU
		{AE0429AC-5320-8EB2-D27B-53E12CC71163}.Release|x64.ActiveCfg = Release|Any CPU
		{AE0429AC-5320-8EB2-D27B-53E12CC71163}.Release|x64.Build.0 = Release|Any CPU
		{AE0429AC-5320-8EB2-D27B-53E12CC71163}.Release|x86.ActiveCfg = Release|Any CPU
		{AE0429AC-5320-8EB2-D27B-53E12CC71163}.Release|x86.Build.0 = Release|Any CPU
		{A9061921-9F2C-4548-A44C-A0F4A02A8932}.Debug|Any CPU.ActiveCfg = Debug|Any CPU
		{A9061921-9F2C-4548-A44C-A0F4A02A8932}.Debug|Any CPU.Build.0 = Debug|Any CPU
		{A9061921-9F2C-4548-A44C-A0F4A02A8932}.Debug|x64.ActiveCfg = Debug|Any CPU
		{A9061921-9F2C-4548-A44C-A0F4A02A8932}.Debug|x64.Build.0 = Debug|Any CPU
		{A9061921-9F2C-4548-A44C-A0F4A02A8932}.Debug|x86.ActiveCfg = Debug|Any CPU
		{A9061921-9F2C-4548-A44C-A0F4A02A8932}.Debug|x86.Build.0 = Debug|Any CPU
		{A9061921-9F2C-4548-A44C-A0F4A02A8932}.Release|Any CPU.ActiveCfg = Release|Any CPU
		{A9061921-9F2C-4548-A44C-A0F4A02A8932}.Release|Any CPU.Build.0 = Release|Any CPU
		{A9061921-9F2C-4548-A44C-A0F4A02A8932}.Release|x64.ActiveCfg = Release|Any CPU
		{A9061921-9F2C-4548-A44C-A0F4A02A8932}.Release|x64.Build.0 = Release|Any CPU
		{A9061921-9F2C-4548-A44C-A0F4A02A8932}.Release|x86.ActiveCfg = Release|Any CPU
		{A9061921-9F2C-4548-A44C-A0F4A02A8932}.Release|x86.Build.0 = Release|Any CPU
		{F3D90361-7CC1-8628-44E6-7E02EF824AF7}.Debug|Any CPU.ActiveCfg = Debug|Any CPU
		{F3D90361-7CC1-8628-44E6-7E02EF824AF7}.Debug|Any CPU.Build.0 = Debug|Any CPU
		{F3D90361-7CC1-8628-44E6-7E02EF824AF7}.Debug|x64.ActiveCfg = Debug|Any CPU
		{F3D90361-7CC1-8628-44E6-7E02EF824AF7}.Debug|x64.Build.0 = Debug|Any CPU
		{F3D90361-7CC1-8628-44E6-7E02EF824AF7}.Debug|x86.ActiveCfg = Debug|Any CPU
		{F3D90361-7CC1-8628-44E6-7E02EF824AF7}.Debug|x86.Build.0 = Debug|Any CPU
		{F3D90361-7CC1-8628-44E6-7E02EF824AF7}.Release|Any CPU.ActiveCfg = Release|Any CPU
		{F3D90361-7CC1-8628-44E6-7E02EF824AF7}.Release|Any CPU.Build.0 = Release|Any CPU
		{F3D90361-7CC1-8628-44E6-7E02EF824AF7}.Release|x64.ActiveCfg = Release|Any CPU
		{F3D90361-7CC1-8628-44E6-7E02EF824AF7}.Release|x64.Build.0 = Release|Any CPU
		{F3D90361-7CC1-8628-44E6-7E02EF824AF7}.Release|x86.ActiveCfg = Release|Any CPU
		{F3D90361-7CC1-8628-44E6-7E02EF824AF7}.Release|x86.Build.0 = Release|Any CPU
		{8982A3A8-816C-1420-1259-BE726FD7327E}.Debug|Any CPU.ActiveCfg = Debug|Any CPU
		{8982A3A8-816C-1420-1259-BE726FD7327E}.Debug|Any CPU.Build.0 = Debug|Any CPU
		{8982A3A8-816C-1420-1259-BE726FD7327E}.Debug|x64.ActiveCfg = Debug|Any CPU
		{8982A3A8-816C-1420-1259-BE726FD7327E}.Debug|x64.Build.0 = Debug|Any CPU
		{8982A3A8-816C-1420-1259-BE726FD7327E}.Debug|x86.ActiveCfg = Debug|Any CPU
		{8982A3A8-816C-1420-1259-BE726FD7327E}.Debug|x86.Build.0 = Debug|Any CPU
		{8982A3A8-816C-1420-1259-BE726FD7327E}.Release|Any CPU.ActiveCfg = Release|Any CPU
		{8982A3A8-816C-1420-1259-BE726FD7327E}.Release|Any CPU.Build.0 = Release|Any CPU
		{8982A3A8-816C-1420-1259-BE726FD7327E}.Release|x64.ActiveCfg = Release|Any CPU
		{8982A3A8-816C-1420-1259-BE726FD7327E}.Release|x64.Build.0 = Release|Any CPU
		{8982A3A8-816C-1420-1259-BE726FD7327E}.Release|x86.ActiveCfg = Release|Any CPU
		{8982A3A8-816C-1420-1259-BE726FD7327E}.Release|x86.Build.0 = Release|Any CPU
		{F5FEE5AC-624C-B870-C979-D38EAE6F4634}.Debug|Any CPU.ActiveCfg = Debug|Any CPU
		{F5FEE5AC-624C-B870-C979-D38EAE6F4634}.Debug|Any CPU.Build.0 = Debug|Any CPU
		{F5FEE5AC-624C-B870-C979-D38EAE6F4634}.Debug|x64.ActiveCfg = Debug|Any CPU
		{F5FEE5AC-624C-B870-C979-D38EAE6F4634}.Debug|x64.Build.0 = Debug|Any CPU
		{F5FEE5AC-624C-B870-C979-D38EAE6F4634}.Debug|x86.ActiveCfg = Debug|Any CPU
		{F5FEE5AC-624C-B870-C979-D38EAE6F4634}.Debug|x86.Build.0 = Debug|Any CPU
		{F5FEE5AC-624C-B870-C979-D38EAE6F4634}.Release|Any CPU.ActiveCfg = Release|Any CPU
		{F5FEE5AC-624C-B870-C979-D38EAE6F4634}.Release|Any CPU.Build.0 = Release|Any CPU
		{F5FEE5AC-624C-B870-C979-D38EAE6F4634}.Release|x64.ActiveCfg = Release|Any CPU
		{F5FEE5AC-624C-B870-C979-D38EAE6F4634}.Release|x64.Build.0 = Release|Any CPU
		{F5FEE5AC-624C-B870-C979-D38EAE6F4634}.Release|x86.ActiveCfg = Release|Any CPU
		{F5FEE5AC-624C-B870-C979-D38EAE6F4634}.Release|x86.Build.0 = Release|Any CPU
		{302F969D-3D77-51F5-1B60-9E90D473FF8B}.Debug|Any CPU.ActiveCfg = Debug|Any CPU
		{302F969D-3D77-51F5-1B60-9E90D473FF8B}.Debug|Any CPU.Build.0 = Debug|Any CPU
		{302F969D-3D77-51F5-1B60-9E90D473FF8B}.Debug|x64.ActiveCfg = Debug|Any CPU
		{302F969D-3D77-51F5-1B60-9E90D473FF8B}.Debug|x64.Build.0 = Debug|Any CPU
		{302F969D-3D77-51F5-1B60-9E90D473FF8B}.Debug|x86.ActiveCfg = Debug|Any CPU
		{302F969D-3D77-51F5-1B60-9E90D473FF8B}.Debug|x86.Build.0 = Debug|Any CPU
		{302F969D-3D77-51F5-1B60-9E90D473FF8B}.Release|Any CPU.ActiveCfg = Release|Any CPU
		{302F969D-3D77-51F5-1B60-9E90D473FF8B}.Release|Any CPU.Build.0 = Release|Any CPU
		{302F969D-3D77-51F5-1B60-9E90D473FF8B}.Release|x64.ActiveCfg = Release|Any CPU
		{302F969D-3D77-51F5-1B60-9E90D473FF8B}.Release|x64.Build.0 = Release|Any CPU
		{302F969D-3D77-51F5-1B60-9E90D473FF8B}.Release|x86.ActiveCfg = Release|Any CPU
		{302F969D-3D77-51F5-1B60-9E90D473FF8B}.Release|x86.Build.0 = Release|Any CPU
		{7D542F1D-01D2-4FAB-F2D1-D340871AA6FA}.Debug|Any CPU.ActiveCfg = Debug|Any CPU
		{7D542F1D-01D2-4FAB-F2D1-D340871AA6FA}.Debug|Any CPU.Build.0 = Debug|Any CPU
		{7D542F1D-01D2-4FAB-F2D1-D340871AA6FA}.Debug|x64.ActiveCfg = Debug|Any CPU
		{7D542F1D-01D2-4FAB-F2D1-D340871AA6FA}.Debug|x64.Build.0 = Debug|Any CPU
		{7D542F1D-01D2-4FAB-F2D1-D340871AA6FA}.Debug|x86.ActiveCfg = Debug|Any CPU
		{7D542F1D-01D2-4FAB-F2D1-D340871AA6FA}.Debug|x86.Build.0 = Debug|Any CPU
		{7D542F1D-01D2-4FAB-F2D1-D340871AA6FA}.Release|Any CPU.ActiveCfg = Release|Any CPU
		{7D542F1D-01D2-4FAB-F2D1-D340871AA6FA}.Release|Any CPU.Build.0 = Release|Any CPU
		{7D542F1D-01D2-4FAB-F2D1-D340871AA6FA}.Release|x64.ActiveCfg = Release|Any CPU
		{7D542F1D-01D2-4FAB-F2D1-D340871AA6FA}.Release|x64.Build.0 = Release|Any CPU
		{7D542F1D-01D2-4FAB-F2D1-D340871AA6FA}.Release|x86.ActiveCfg = Release|Any CPU
		{7D542F1D-01D2-4FAB-F2D1-D340871AA6FA}.Release|x86.Build.0 = Release|Any CPU
		{F0A5C0EA-F296-4E23-ACF4-49A9807A447F}.Debug|Any CPU.ActiveCfg = Debug|Any CPU
		{F0A5C0EA-F296-4E23-ACF4-49A9807A447F}.Debug|Any CPU.Build.0 = Debug|Any CPU
		{F0A5C0EA-F296-4E23-ACF4-49A9807A447F}.Debug|x64.ActiveCfg = Debug|Any CPU
		{F0A5C0EA-F296-4E23-ACF4-49A9807A447F}.Debug|x64.Build.0 = Debug|Any CPU
		{F0A5C0EA-F296-4E23-ACF4-49A9807A447F}.Debug|x86.ActiveCfg = Debug|Any CPU
		{F0A5C0EA-F296-4E23-ACF4-49A9807A447F}.Debug|x86.Build.0 = Debug|Any CPU
		{F0A5C0EA-F296-4E23-ACF4-49A9807A447F}.Release|Any CPU.ActiveCfg = Release|Any CPU
		{F0A5C0EA-F296-4E23-ACF4-49A9807A447F}.Release|Any CPU.Build.0 = Release|Any CPU
		{F0A5C0EA-F296-4E23-ACF4-49A9807A447F}.Release|x64.ActiveCfg = Release|Any CPU
		{F0A5C0EA-F296-4E23-ACF4-49A9807A447F}.Release|x64.Build.0 = Release|Any CPU
		{F0A5C0EA-F296-4E23-ACF4-49A9807A447F}.Release|x86.ActiveCfg = Release|Any CPU
		{F0A5C0EA-F296-4E23-ACF4-49A9807A447F}.Release|x86.Build.0 = Release|Any CPU
		{02FA04F5-6359-615E-5EE0-ED6FEDBA7EDE}.Debug|Any CPU.ActiveCfg = Debug|Any CPU
		{02FA04F5-6359-615E-5EE0-ED6FEDBA7EDE}.Debug|Any CPU.Build.0 = Debug|Any CPU
		{02FA04F5-6359-615E-5EE0-ED6FEDBA7EDE}.Debug|x64.ActiveCfg = Debug|Any CPU
		{02FA04F5-6359-615E-5EE0-ED6FEDBA7EDE}.Debug|x64.Build.0 = Debug|Any CPU
		{02FA04F5-6359-615E-5EE0-ED6FEDBA7EDE}.Debug|x86.ActiveCfg = Debug|Any CPU
		{02FA04F5-6359-615E-5EE0-ED6FEDBA7EDE}.Debug|x86.Build.0 = Debug|Any CPU
		{02FA04F5-6359-615E-5EE0-ED6FEDBA7EDE}.Release|Any CPU.ActiveCfg = Release|Any CPU
		{02FA04F5-6359-615E-5EE0-ED6FEDBA7EDE}.Release|Any CPU.Build.0 = Release|Any CPU
		{02FA04F5-6359-615E-5EE0-ED6FEDBA7EDE}.Release|x64.ActiveCfg = Release|Any CPU
		{02FA04F5-6359-615E-5EE0-ED6FEDBA7EDE}.Release|x64.Build.0 = Release|Any CPU
		{02FA04F5-6359-615E-5EE0-ED6FEDBA7EDE}.Release|x86.ActiveCfg = Release|Any CPU
		{02FA04F5-6359-615E-5EE0-ED6FEDBA7EDE}.Release|x86.Build.0 = Release|Any CPU
		{BFE0165A-833A-0280-FB0B-BA5A8AC918C2}.Debug|Any CPU.ActiveCfg = Debug|Any CPU
		{BFE0165A-833A-0280-FB0B-BA5A8AC918C2}.Debug|Any CPU.Build.0 = Debug|Any CPU
		{BFE0165A-833A-0280-FB0B-BA5A8AC918C2}.Debug|x64.ActiveCfg = Debug|Any CPU
		{BFE0165A-833A-0280-FB0B-BA5A8AC918C2}.Debug|x64.Build.0 = Debug|Any CPU
		{BFE0165A-833A-0280-FB0B-BA5A8AC918C2}.Debug|x86.ActiveCfg = Debug|Any CPU
		{BFE0165A-833A-0280-FB0B-BA5A8AC918C2}.Debug|x86.Build.0 = Debug|Any CPU
		{BFE0165A-833A-0280-FB0B-BA5A8AC918C2}.Release|Any CPU.ActiveCfg = Release|Any CPU
		{BFE0165A-833A-0280-FB0B-BA5A8AC918C2}.Release|Any CPU.Build.0 = Release|Any CPU
		{BFE0165A-833A-0280-FB0B-BA5A8AC918C2}.Release|x64.ActiveCfg = Release|Any CPU
		{BFE0165A-833A-0280-FB0B-BA5A8AC918C2}.Release|x64.Build.0 = Release|Any CPU
		{BFE0165A-833A-0280-FB0B-BA5A8AC918C2}.Release|x86.ActiveCfg = Release|Any CPU
		{BFE0165A-833A-0280-FB0B-BA5A8AC918C2}.Release|x86.Build.0 = Release|Any CPU
		{D471EB74-7CD6-7CE7-B37A-9FDA32A6F9D3}.Debug|Any CPU.ActiveCfg = Debug|Any CPU
		{D471EB74-7CD6-7CE7-B37A-9FDA32A6F9D3}.Debug|Any CPU.Build.0 = Debug|Any CPU
		{D471EB74-7CD6-7CE7-B37A-9FDA32A6F9D3}.Debug|x64.ActiveCfg = Debug|Any CPU
		{D471EB74-7CD6-7CE7-B37A-9FDA32A6F9D3}.Debug|x64.Build.0 = Debug|Any CPU
		{D471EB74-7CD6-7CE7-B37A-9FDA32A6F9D3}.Debug|x86.ActiveCfg = Debug|Any CPU
		{D471EB74-7CD6-7CE7-B37A-9FDA32A6F9D3}.Debug|x86.Build.0 = Debug|Any CPU
		{D471EB74-7CD6-7CE7-B37A-9FDA32A6F9D3}.Release|Any CPU.ActiveCfg = Release|Any CPU
		{D471EB74-7CD6-7CE7-B37A-9FDA32A6F9D3}.Release|Any CPU.Build.0 = Release|Any CPU
		{D471EB74-7CD6-7CE7-B37A-9FDA32A6F9D3}.Release|x64.ActiveCfg = Release|Any CPU
		{D471EB74-7CD6-7CE7-B37A-9FDA32A6F9D3}.Release|x64.Build.0 = Release|Any CPU
		{D471EB74-7CD6-7CE7-B37A-9FDA32A6F9D3}.Release|x86.ActiveCfg = Release|Any CPU
		{D471EB74-7CD6-7CE7-B37A-9FDA32A6F9D3}.Release|x86.Build.0 = Release|Any CPU
		{C87BB4C7-9232-5461-3E2D-1ACE884A5226}.Debug|Any CPU.ActiveCfg = Debug|Any CPU
		{C87BB4C7-9232-5461-3E2D-1ACE884A5226}.Debug|Any CPU.Build.0 = Debug|Any CPU
		{C87BB4C7-9232-5461-3E2D-1ACE884A5226}.Debug|x64.ActiveCfg = Debug|Any CPU
		{C87BB4C7-9232-5461-3E2D-1ACE884A5226}.Debug|x64.Build.0 = Debug|Any CPU
		{C87BB4C7-9232-5461-3E2D-1ACE884A5226}.Debug|x86.ActiveCfg = Debug|Any CPU
		{C87BB4C7-9232-5461-3E2D-1ACE884A5226}.Debug|x86.Build.0 = Debug|Any CPU
		{C87BB4C7-9232-5461-3E2D-1ACE884A5226}.Release|Any CPU.ActiveCfg = Release|Any CPU
		{C87BB4C7-9232-5461-3E2D-1ACE884A5226}.Release|Any CPU.Build.0 = Release|Any CPU
		{C87BB4C7-9232-5461-3E2D-1ACE884A5226}.Release|x64.ActiveCfg = Release|Any CPU
		{C87BB4C7-9232-5461-3E2D-1ACE884A5226}.Release|x64.Build.0 = Release|Any CPU
		{C87BB4C7-9232-5461-3E2D-1ACE884A5226}.Release|x86.ActiveCfg = Release|Any CPU
		{C87BB4C7-9232-5461-3E2D-1ACE884A5226}.Release|x86.Build.0 = Release|Any CPU
		{91630834-0D77-2506-F0CC-BBC8E3ADD2D6}.Debug|Any CPU.ActiveCfg = Debug|Any CPU
		{91630834-0D77-2506-F0CC-BBC8E3ADD2D6}.Debug|Any CPU.Build.0 = Debug|Any CPU
		{91630834-0D77-2506-F0CC-BBC8E3ADD2D6}.Debug|x64.ActiveCfg = Debug|Any CPU
		{91630834-0D77-2506-F0CC-BBC8E3ADD2D6}.Debug|x64.Build.0 = Debug|Any CPU
		{91630834-0D77-2506-F0CC-BBC8E3ADD2D6}.Debug|x86.ActiveCfg = Debug|Any CPU
		{91630834-0D77-2506-F0CC-BBC8E3ADD2D6}.Debug|x86.Build.0 = Debug|Any CPU
		{91630834-0D77-2506-F0CC-BBC8E3ADD2D6}.Release|Any CPU.ActiveCfg = Release|Any CPU
		{91630834-0D77-2506-F0CC-BBC8E3ADD2D6}.Release|Any CPU.Build.0 = Release|Any CPU
		{91630834-0D77-2506-F0CC-BBC8E3ADD2D6}.Release|x64.ActiveCfg = Release|Any CPU
		{91630834-0D77-2506-F0CC-BBC8E3ADD2D6}.Release|x64.Build.0 = Release|Any CPU
		{91630834-0D77-2506-F0CC-BBC8E3ADD2D6}.Release|x86.ActiveCfg = Release|Any CPU
		{91630834-0D77-2506-F0CC-BBC8E3ADD2D6}.Release|x86.Build.0 = Release|Any CPU
		{8209F87A-42BB-0AF5-EB61-95DB02ABF00B}.Debug|Any CPU.ActiveCfg = Debug|Any CPU
		{8209F87A-42BB-0AF5-EB61-95DB02ABF00B}.Debug|Any CPU.Build.0 = Debug|Any CPU
		{8209F87A-42BB-0AF5-EB61-95DB02ABF00B}.Debug|x64.ActiveCfg = Debug|Any CPU
		{8209F87A-42BB-0AF5-EB61-95DB02ABF00B}.Debug|x64.Build.0 = Debug|Any CPU
		{8209F87A-42BB-0AF5-EB61-95DB02ABF00B}.Debug|x86.ActiveCfg = Debug|Any CPU
		{8209F87A-42BB-0AF5-EB61-95DB02ABF00B}.Debug|x86.Build.0 = Debug|Any CPU
		{8209F87A-42BB-0AF5-EB61-95DB02ABF00B}.Release|Any CPU.ActiveCfg = Release|Any CPU
		{8209F87A-42BB-0AF5-EB61-95DB02ABF00B}.Release|Any CPU.Build.0 = Release|Any CPU
		{8209F87A-42BB-0AF5-EB61-95DB02ABF00B}.Release|x64.ActiveCfg = Release|Any CPU
		{8209F87A-42BB-0AF5-EB61-95DB02ABF00B}.Release|x64.Build.0 = Release|Any CPU
		{8209F87A-42BB-0AF5-EB61-95DB02ABF00B}.Release|x86.ActiveCfg = Release|Any CPU
		{8209F87A-42BB-0AF5-EB61-95DB02ABF00B}.Release|x86.Build.0 = Release|Any CPU
		{85EEF4ED-07F3-383D-FC04-3F07F50A2296}.Debug|Any CPU.ActiveCfg = Debug|Any CPU
		{85EEF4ED-07F3-383D-FC04-3F07F50A2296}.Debug|Any CPU.Build.0 = Debug|Any CPU
		{85EEF4ED-07F3-383D-FC04-3F07F50A2296}.Debug|x64.ActiveCfg = Debug|Any CPU
		{85EEF4ED-07F3-383D-FC04-3F07F50A2296}.Debug|x64.Build.0 = Debug|Any CPU
		{85EEF4ED-07F3-383D-FC04-3F07F50A2296}.Debug|x86.ActiveCfg = Debug|Any CPU
		{85EEF4ED-07F3-383D-FC04-3F07F50A2296}.Debug|x86.Build.0 = Debug|Any CPU
		{85EEF4ED-07F3-383D-FC04-3F07F50A2296}.Release|Any CPU.ActiveCfg = Release|Any CPU
		{85EEF4ED-07F3-383D-FC04-3F07F50A2296}.Release|Any CPU.Build.0 = Release|Any CPU
		{85EEF4ED-07F3-383D-FC04-3F07F50A2296}.Release|x64.ActiveCfg = Release|Any CPU
		{85EEF4ED-07F3-383D-FC04-3F07F50A2296}.Release|x64.Build.0 = Release|Any CPU
		{85EEF4ED-07F3-383D-FC04-3F07F50A2296}.Release|x86.ActiveCfg = Release|Any CPU
		{85EEF4ED-07F3-383D-FC04-3F07F50A2296}.Release|x86.Build.0 = Release|Any CPU
		{25C68855-5DAE-B870-9189-CEB35B157A5B}.Debug|Any CPU.ActiveCfg = Debug|Any CPU
		{25C68855-5DAE-B870-9189-CEB35B157A5B}.Debug|Any CPU.Build.0 = Debug|Any CPU
		{25C68855-5DAE-B870-9189-CEB35B157A5B}.Debug|x64.ActiveCfg = Debug|Any CPU
		{25C68855-5DAE-B870-9189-CEB35B157A5B}.Debug|x64.Build.0 = Debug|Any CPU
		{25C68855-5DAE-B870-9189-CEB35B157A5B}.Debug|x86.ActiveCfg = Debug|Any CPU
		{25C68855-5DAE-B870-9189-CEB35B157A5B}.Debug|x86.Build.0 = Debug|Any CPU
		{25C68855-5DAE-B870-9189-CEB35B157A5B}.Release|Any CPU.ActiveCfg = Release|Any CPU
		{25C68855-5DAE-B870-9189-CEB35B157A5B}.Release|Any CPU.Build.0 = Release|Any CPU
		{25C68855-5DAE-B870-9189-CEB35B157A5B}.Release|x64.ActiveCfg = Release|Any CPU
		{25C68855-5DAE-B870-9189-CEB35B157A5B}.Release|x64.Build.0 = Release|Any CPU
		{25C68855-5DAE-B870-9189-CEB35B157A5B}.Release|x86.ActiveCfg = Release|Any CPU
		{25C68855-5DAE-B870-9189-CEB35B157A5B}.Release|x86.Build.0 = Release|Any CPU
		{8900BB34-9F69-0F6B-A5EC-FF8A74591A5D}.Debug|Any CPU.ActiveCfg = Debug|Any CPU
		{8900BB34-9F69-0F6B-A5EC-FF8A74591A5D}.Debug|Any CPU.Build.0 = Debug|Any CPU
		{8900BB34-9F69-0F6B-A5EC-FF8A74591A5D}.Debug|x64.ActiveCfg = Debug|Any CPU
		{8900BB34-9F69-0F6B-A5EC-FF8A74591A5D}.Debug|x64.Build.0 = Debug|Any CPU
		{8900BB34-9F69-0F6B-A5EC-FF8A74591A5D}.Debug|x86.ActiveCfg = Debug|Any CPU
		{8900BB34-9F69-0F6B-A5EC-FF8A74591A5D}.Debug|x86.Build.0 = Debug|Any CPU
		{8900BB34-9F69-0F6B-A5EC-FF8A74591A5D}.Release|Any CPU.ActiveCfg = Release|Any CPU
		{8900BB34-9F69-0F6B-A5EC-FF8A74591A5D}.Release|Any CPU.Build.0 = Release|Any CPU
		{8900BB34-9F69-0F6B-A5EC-FF8A74591A5D}.Release|x64.ActiveCfg = Release|Any CPU
		{8900BB34-9F69-0F6B-A5EC-FF8A74591A5D}.Release|x64.Build.0 = Release|Any CPU
		{8900BB34-9F69-0F6B-A5EC-FF8A74591A5D}.Release|x86.ActiveCfg = Release|Any CPU
		{8900BB34-9F69-0F6B-A5EC-FF8A74591A5D}.Release|x86.Build.0 = Release|Any CPU
		{F43AD383-66BB-4F0F-89DC-27B73E75304A}.Debug|Any CPU.ActiveCfg = Debug|Any CPU
		{F43AD383-66BB-4F0F-89DC-27B73E75304A}.Debug|Any CPU.Build.0 = Debug|Any CPU
		{F43AD383-66BB-4F0F-89DC-27B73E75304A}.Debug|x64.ActiveCfg = Debug|Any CPU
		{F43AD383-66BB-4F0F-89DC-27B73E75304A}.Debug|x64.Build.0 = Debug|Any CPU
		{F43AD383-66BB-4F0F-89DC-27B73E75304A}.Debug|x86.ActiveCfg = Debug|Any CPU
		{F43AD383-66BB-4F0F-89DC-27B73E75304A}.Debug|x86.Build.0 = Debug|Any CPU
		{F43AD383-66BB-4F0F-89DC-27B73E75304A}.Release|Any CPU.ActiveCfg = Release|Any CPU
		{F43AD383-66BB-4F0F-89DC-27B73E75304A}.Release|Any CPU.Build.0 = Release|Any CPU
		{F43AD383-66BB-4F0F-89DC-27B73E75304A}.Release|x64.ActiveCfg = Release|Any CPU
		{F43AD383-66BB-4F0F-89DC-27B73E75304A}.Release|x64.Build.0 = Release|Any CPU
		{F43AD383-66BB-4F0F-89DC-27B73E75304A}.Release|x86.ActiveCfg = Release|Any CPU
		{F43AD383-66BB-4F0F-89DC-27B73E75304A}.Release|x86.Build.0 = Release|Any CPU
		{BF0EB31A-9670-E468-2C20-A71255C1679D}.Debug|Any CPU.ActiveCfg = Debug|Any CPU
		{BF0EB31A-9670-E468-2C20-A71255C1679D}.Debug|Any CPU.Build.0 = Debug|Any CPU
		{BF0EB31A-9670-E468-2C20-A71255C1679D}.Debug|x64.ActiveCfg = Debug|Any CPU
		{BF0EB31A-9670-E468-2C20-A71255C1679D}.Debug|x64.Build.0 = Debug|Any CPU
		{BF0EB31A-9670-E468-2C20-A71255C1679D}.Debug|x86.ActiveCfg = Debug|Any CPU
		{BF0EB31A-9670-E468-2C20-A71255C1679D}.Debug|x86.Build.0 = Debug|Any CPU
		{BF0EB31A-9670-E468-2C20-A71255C1679D}.Release|Any CPU.ActiveCfg = Release|Any CPU
		{BF0EB31A-9670-E468-2C20-A71255C1679D}.Release|Any CPU.Build.0 = Release|Any CPU
		{BF0EB31A-9670-E468-2C20-A71255C1679D}.Release|x64.ActiveCfg = Release|Any CPU
		{BF0EB31A-9670-E468-2C20-A71255C1679D}.Release|x64.Build.0 = Release|Any CPU
		{BF0EB31A-9670-E468-2C20-A71255C1679D}.Release|x86.ActiveCfg = Release|Any CPU
		{BF0EB31A-9670-E468-2C20-A71255C1679D}.Release|x86.Build.0 = Release|Any CPU
		{1909DEED-59A8-CB0F-C4ED-72E94BC55402}.Debug|Any CPU.ActiveCfg = Debug|Any CPU
		{1909DEED-59A8-CB0F-C4ED-72E94BC55402}.Debug|Any CPU.Build.0 = Debug|Any CPU
		{1909DEED-59A8-CB0F-C4ED-72E94BC55402}.Debug|x64.ActiveCfg = Debug|Any CPU
		{1909DEED-59A8-CB0F-C4ED-72E94BC55402}.Debug|x64.Build.0 = Debug|Any CPU
		{1909DEED-59A8-CB0F-C4ED-72E94BC55402}.Debug|x86.ActiveCfg = Debug|Any CPU
		{1909DEED-59A8-CB0F-C4ED-72E94BC55402}.Debug|x86.Build.0 = Debug|Any CPU
		{1909DEED-59A8-CB0F-C4ED-72E94BC55402}.Release|Any CPU.ActiveCfg = Release|Any CPU
		{1909DEED-59A8-CB0F-C4ED-72E94BC55402}.Release|Any CPU.Build.0 = Release|Any CPU
		{1909DEED-59A8-CB0F-C4ED-72E94BC55402}.Release|x64.ActiveCfg = Release|Any CPU
		{1909DEED-59A8-CB0F-C4ED-72E94BC55402}.Release|x64.Build.0 = Release|Any CPU
		{1909DEED-59A8-CB0F-C4ED-72E94BC55402}.Release|x86.ActiveCfg = Release|Any CPU
		{1909DEED-59A8-CB0F-C4ED-72E94BC55402}.Release|x86.Build.0 = Release|Any CPU
		{759C957A-CDE9-B580-CABD-35A59096CF30}.Debug|Any CPU.ActiveCfg = Debug|Any CPU
		{759C957A-CDE9-B580-CABD-35A59096CF30}.Debug|Any CPU.Build.0 = Debug|Any CPU
		{759C957A-CDE9-B580-CABD-35A59096CF30}.Debug|x64.ActiveCfg = Debug|Any CPU
		{759C957A-CDE9-B580-CABD-35A59096CF30}.Debug|x64.Build.0 = Debug|Any CPU
		{759C957A-CDE9-B580-CABD-35A59096CF30}.Debug|x86.ActiveCfg = Debug|Any CPU
		{759C957A-CDE9-B580-CABD-35A59096CF30}.Debug|x86.Build.0 = Debug|Any CPU
		{759C957A-CDE9-B580-CABD-35A59096CF30}.Release|Any CPU.ActiveCfg = Release|Any CPU
		{759C957A-CDE9-B580-CABD-35A59096CF30}.Release|Any CPU.Build.0 = Release|Any CPU
		{759C957A-CDE9-B580-CABD-35A59096CF30}.Release|x64.ActiveCfg = Release|Any CPU
		{759C957A-CDE9-B580-CABD-35A59096CF30}.Release|x64.Build.0 = Release|Any CPU
		{759C957A-CDE9-B580-CABD-35A59096CF30}.Release|x86.ActiveCfg = Release|Any CPU
		{759C957A-CDE9-B580-CABD-35A59096CF30}.Release|x86.Build.0 = Release|Any CPU
		{B87D0081-B7A8-A152-E30D-69F8D27C9070}.Debug|Any CPU.ActiveCfg = Debug|Any CPU
		{B87D0081-B7A8-A152-E30D-69F8D27C9070}.Debug|Any CPU.Build.0 = Debug|Any CPU
		{B87D0081-B7A8-A152-E30D-69F8D27C9070}.Debug|x64.ActiveCfg = Debug|Any CPU
		{B87D0081-B7A8-A152-E30D-69F8D27C9070}.Debug|x64.Build.0 = Debug|Any CPU
		{B87D0081-B7A8-A152-E30D-69F8D27C9070}.Debug|x86.ActiveCfg = Debug|Any CPU
		{B87D0081-B7A8-A152-E30D-69F8D27C9070}.Debug|x86.Build.0 = Debug|Any CPU
		{B87D0081-B7A8-A152-E30D-69F8D27C9070}.Release|Any CPU.ActiveCfg = Release|Any CPU
		{B87D0081-B7A8-A152-E30D-69F8D27C9070}.Release|Any CPU.Build.0 = Release|Any CPU
		{B87D0081-B7A8-A152-E30D-69F8D27C9070}.Release|x64.ActiveCfg = Release|Any CPU
		{B87D0081-B7A8-A152-E30D-69F8D27C9070}.Release|x64.Build.0 = Release|Any CPU
		{B87D0081-B7A8-A152-E30D-69F8D27C9070}.Release|x86.ActiveCfg = Release|Any CPU
		{B87D0081-B7A8-A152-E30D-69F8D27C9070}.Release|x86.Build.0 = Release|Any CPU
		{1C412AC8-9A7F-44B9-B5E3-8D00F433C834}.Debug|Any CPU.ActiveCfg = Debug|Any CPU
		{1C412AC8-9A7F-44B9-B5E3-8D00F433C834}.Debug|Any CPU.Build.0 = Debug|Any CPU
		{1C412AC8-9A7F-44B9-B5E3-8D00F433C834}.Debug|x64.ActiveCfg = Debug|Any CPU
		{1C412AC8-9A7F-44B9-B5E3-8D00F433C834}.Debug|x64.Build.0 = Debug|Any CPU
		{1C412AC8-9A7F-44B9-B5E3-8D00F433C834}.Debug|x86.ActiveCfg = Debug|Any CPU
		{1C412AC8-9A7F-44B9-B5E3-8D00F433C834}.Debug|x86.Build.0 = Debug|Any CPU
		{1C412AC8-9A7F-44B9-B5E3-8D00F433C834}.Release|Any CPU.ActiveCfg = Release|Any CPU
		{1C412AC8-9A7F-44B9-B5E3-8D00F433C834}.Release|Any CPU.Build.0 = Release|Any CPU
		{1C412AC8-9A7F-44B9-B5E3-8D00F433C834}.Release|x64.ActiveCfg = Release|Any CPU
		{1C412AC8-9A7F-44B9-B5E3-8D00F433C834}.Release|x64.Build.0 = Release|Any CPU
		{1C412AC8-9A7F-44B9-B5E3-8D00F433C834}.Release|x86.ActiveCfg = Release|Any CPU
		{1C412AC8-9A7F-44B9-B5E3-8D00F433C834}.Release|x86.Build.0 = Release|Any CPU
		{9273E321-2A9C-6F19-E45B-37A58B2E0FC1}.Debug|Any CPU.ActiveCfg = Debug|Any CPU
		{9273E321-2A9C-6F19-E45B-37A58B2E0FC1}.Debug|Any CPU.Build.0 = Debug|Any CPU
		{9273E321-2A9C-6F19-E45B-37A58B2E0FC1}.Debug|x64.ActiveCfg = Debug|Any CPU
		{9273E321-2A9C-6F19-E45B-37A58B2E0FC1}.Debug|x64.Build.0 = Debug|Any CPU
		{9273E321-2A9C-6F19-E45B-37A58B2E0FC1}.Debug|x86.ActiveCfg = Debug|Any CPU
		{9273E321-2A9C-6F19-E45B-37A58B2E0FC1}.Debug|x86.Build.0 = Debug|Any CPU
		{9273E321-2A9C-6F19-E45B-37A58B2E0FC1}.Release|Any CPU.ActiveCfg = Release|Any CPU
		{9273E321-2A9C-6F19-E45B-37A58B2E0FC1}.Release|Any CPU.Build.0 = Release|Any CPU
		{9273E321-2A9C-6F19-E45B-37A58B2E0FC1}.Release|x64.ActiveCfg = Release|Any CPU
		{9273E321-2A9C-6F19-E45B-37A58B2E0FC1}.Release|x64.Build.0 = Release|Any CPU
		{9273E321-2A9C-6F19-E45B-37A58B2E0FC1}.Release|x86.ActiveCfg = Release|Any CPU
		{9273E321-2A9C-6F19-E45B-37A58B2E0FC1}.Release|x86.Build.0 = Release|Any CPU
		{515FE8F5-CA47-6FB2-C20D-9C0E32288879}.Debug|Any CPU.ActiveCfg = Debug|Any CPU
		{515FE8F5-CA47-6FB2-C20D-9C0E32288879}.Debug|Any CPU.Build.0 = Debug|Any CPU
		{515FE8F5-CA47-6FB2-C20D-9C0E32288879}.Debug|x64.ActiveCfg = Debug|Any CPU
		{515FE8F5-CA47-6FB2-C20D-9C0E32288879}.Debug|x64.Build.0 = Debug|Any CPU
		{515FE8F5-CA47-6FB2-C20D-9C0E32288879}.Debug|x86.ActiveCfg = Debug|Any CPU
		{515FE8F5-CA47-6FB2-C20D-9C0E32288879}.Debug|x86.Build.0 = Debug|Any CPU
		{515FE8F5-CA47-6FB2-C20D-9C0E32288879}.Release|Any CPU.ActiveCfg = Release|Any CPU
		{515FE8F5-CA47-6FB2-C20D-9C0E32288879}.Release|Any CPU.Build.0 = Release|Any CPU
		{515FE8F5-CA47-6FB2-C20D-9C0E32288879}.Release|x64.ActiveCfg = Release|Any CPU
		{515FE8F5-CA47-6FB2-C20D-9C0E32288879}.Release|x64.Build.0 = Release|Any CPU
		{515FE8F5-CA47-6FB2-C20D-9C0E32288879}.Release|x86.ActiveCfg = Release|Any CPU
		{515FE8F5-CA47-6FB2-C20D-9C0E32288879}.Release|x86.Build.0 = Release|Any CPU
		{4622DE4D-7E8E-F98C-26D0-35A83985072D}.Debug|Any CPU.ActiveCfg = Debug|Any CPU
		{4622DE4D-7E8E-F98C-26D0-35A83985072D}.Debug|Any CPU.Build.0 = Debug|Any CPU
		{4622DE4D-7E8E-F98C-26D0-35A83985072D}.Debug|x64.ActiveCfg = Debug|Any CPU
		{4622DE4D-7E8E-F98C-26D0-35A83985072D}.Debug|x64.Build.0 = Debug|Any CPU
		{4622DE4D-7E8E-F98C-26D0-35A83985072D}.Debug|x86.ActiveCfg = Debug|Any CPU
		{4622DE4D-7E8E-F98C-26D0-35A83985072D}.Debug|x86.Build.0 = Debug|Any CPU
		{4622DE4D-7E8E-F98C-26D0-35A83985072D}.Release|Any CPU.ActiveCfg = Release|Any CPU
		{4622DE4D-7E8E-F98C-26D0-35A83985072D}.Release|Any CPU.Build.0 = Release|Any CPU
		{4622DE4D-7E8E-F98C-26D0-35A83985072D}.Release|x64.ActiveCfg = Release|Any CPU
		{4622DE4D-7E8E-F98C-26D0-35A83985072D}.Release|x64.Build.0 = Release|Any CPU
		{4622DE4D-7E8E-F98C-26D0-35A83985072D}.Release|x86.ActiveCfg = Release|Any CPU
		{4622DE4D-7E8E-F98C-26D0-35A83985072D}.Release|x86.Build.0 = Release|Any CPU
		{58CF8157-ED41-F6E2-34BA-2C51405D8BBF}.Debug|Any CPU.ActiveCfg = Debug|Any CPU
		{58CF8157-ED41-F6E2-34BA-2C51405D8BBF}.Debug|Any CPU.Build.0 = Debug|Any CPU
		{58CF8157-ED41-F6E2-34BA-2C51405D8BBF}.Debug|x64.ActiveCfg = Debug|Any CPU
		{58CF8157-ED41-F6E2-34BA-2C51405D8BBF}.Debug|x64.Build.0 = Debug|Any CPU
		{58CF8157-ED41-F6E2-34BA-2C51405D8BBF}.Debug|x86.ActiveCfg = Debug|Any CPU
		{58CF8157-ED41-F6E2-34BA-2C51405D8BBF}.Debug|x86.Build.0 = Debug|Any CPU
		{58CF8157-ED41-F6E2-34BA-2C51405D8BBF}.Release|Any CPU.ActiveCfg = Release|Any CPU
		{58CF8157-ED41-F6E2-34BA-2C51405D8BBF}.Release|Any CPU.Build.0 = Release|Any CPU
		{58CF8157-ED41-F6E2-34BA-2C51405D8BBF}.Release|x64.ActiveCfg = Release|Any CPU
		{58CF8157-ED41-F6E2-34BA-2C51405D8BBF}.Release|x64.Build.0 = Release|Any CPU
		{58CF8157-ED41-F6E2-34BA-2C51405D8BBF}.Release|x86.ActiveCfg = Release|Any CPU
		{58CF8157-ED41-F6E2-34BA-2C51405D8BBF}.Release|x86.Build.0 = Release|Any CPU
		{4FFDCCAE-D9DF-D66B-93DB-79710BCA45A2}.Debug|Any CPU.ActiveCfg = Debug|Any CPU
		{4FFDCCAE-D9DF-D66B-93DB-79710BCA45A2}.Debug|Any CPU.Build.0 = Debug|Any CPU
		{4FFDCCAE-D9DF-D66B-93DB-79710BCA45A2}.Debug|x64.ActiveCfg = Debug|Any CPU
		{4FFDCCAE-D9DF-D66B-93DB-79710BCA45A2}.Debug|x64.Build.0 = Debug|Any CPU
		{4FFDCCAE-D9DF-D66B-93DB-79710BCA45A2}.Debug|x86.ActiveCfg = Debug|Any CPU
		{4FFDCCAE-D9DF-D66B-93DB-79710BCA45A2}.Debug|x86.Build.0 = Debug|Any CPU
		{4FFDCCAE-D9DF-D66B-93DB-79710BCA45A2}.Release|Any CPU.ActiveCfg = Release|Any CPU
		{4FFDCCAE-D9DF-D66B-93DB-79710BCA45A2}.Release|Any CPU.Build.0 = Release|Any CPU
		{4FFDCCAE-D9DF-D66B-93DB-79710BCA45A2}.Release|x64.ActiveCfg = Release|Any CPU
		{4FFDCCAE-D9DF-D66B-93DB-79710BCA45A2}.Release|x64.Build.0 = Release|Any CPU
		{4FFDCCAE-D9DF-D66B-93DB-79710BCA45A2}.Release|x86.ActiveCfg = Release|Any CPU
		{4FFDCCAE-D9DF-D66B-93DB-79710BCA45A2}.Release|x86.Build.0 = Release|Any CPU
		{1192A5E3-ABA7-37C6-6B51-83D5ACC33F84}.Debug|Any CPU.ActiveCfg = Debug|Any CPU
		{1192A5E3-ABA7-37C6-6B51-83D5ACC33F84}.Debug|Any CPU.Build.0 = Debug|Any CPU
		{1192A5E3-ABA7-37C6-6B51-83D5ACC33F84}.Debug|x64.ActiveCfg = Debug|Any CPU
		{1192A5E3-ABA7-37C6-6B51-83D5ACC33F84}.Debug|x64.Build.0 = Debug|Any CPU
		{1192A5E3-ABA7-37C6-6B51-83D5ACC33F84}.Debug|x86.ActiveCfg = Debug|Any CPU
		{1192A5E3-ABA7-37C6-6B51-83D5ACC33F84}.Debug|x86.Build.0 = Debug|Any CPU
		{1192A5E3-ABA7-37C6-6B51-83D5ACC33F84}.Release|Any CPU.ActiveCfg = Release|Any CPU
		{1192A5E3-ABA7-37C6-6B51-83D5ACC33F84}.Release|Any CPU.Build.0 = Release|Any CPU
		{1192A5E3-ABA7-37C6-6B51-83D5ACC33F84}.Release|x64.ActiveCfg = Release|Any CPU
		{1192A5E3-ABA7-37C6-6B51-83D5ACC33F84}.Release|x64.Build.0 = Release|Any CPU
		{1192A5E3-ABA7-37C6-6B51-83D5ACC33F84}.Release|x86.ActiveCfg = Release|Any CPU
		{1192A5E3-ABA7-37C6-6B51-83D5ACC33F84}.Release|x86.Build.0 = Release|Any CPU
		{A707C0EE-F9D9-9B00-6DB8-26AF78EA68BC}.Debug|Any CPU.ActiveCfg = Debug|Any CPU
		{A707C0EE-F9D9-9B00-6DB8-26AF78EA68BC}.Debug|Any CPU.Build.0 = Debug|Any CPU
		{A707C0EE-F9D9-9B00-6DB8-26AF78EA68BC}.Debug|x64.ActiveCfg = Debug|Any CPU
		{A707C0EE-F9D9-9B00-6DB8-26AF78EA68BC}.Debug|x64.Build.0 = Debug|Any CPU
		{A707C0EE-F9D9-9B00-6DB8-26AF78EA68BC}.Debug|x86.ActiveCfg = Debug|Any CPU
		{A707C0EE-F9D9-9B00-6DB8-26AF78EA68BC}.Debug|x86.Build.0 = Debug|Any CPU
		{A707C0EE-F9D9-9B00-6DB8-26AF78EA68BC}.Release|Any CPU.ActiveCfg = Release|Any CPU
		{A707C0EE-F9D9-9B00-6DB8-26AF78EA68BC}.Release|Any CPU.Build.0 = Release|Any CPU
		{A707C0EE-F9D9-9B00-6DB8-26AF78EA68BC}.Release|x64.ActiveCfg = Release|Any CPU
		{A707C0EE-F9D9-9B00-6DB8-26AF78EA68BC}.Release|x64.Build.0 = Release|Any CPU
		{A707C0EE-F9D9-9B00-6DB8-26AF78EA68BC}.Release|x86.ActiveCfg = Release|Any CPU
		{A707C0EE-F9D9-9B00-6DB8-26AF78EA68BC}.Release|x86.Build.0 = Release|Any CPU
		{73A1BE11-D8ED-0743-FCAE-6FDB8CE126EA}.Debug|Any CPU.ActiveCfg = Debug|Any CPU
		{73A1BE11-D8ED-0743-FCAE-6FDB8CE126EA}.Debug|Any CPU.Build.0 = Debug|Any CPU
		{73A1BE11-D8ED-0743-FCAE-6FDB8CE126EA}.Debug|x64.ActiveCfg = Debug|Any CPU
		{73A1BE11-D8ED-0743-FCAE-6FDB8CE126EA}.Debug|x64.Build.0 = Debug|Any CPU
		{73A1BE11-D8ED-0743-FCAE-6FDB8CE126EA}.Debug|x86.ActiveCfg = Debug|Any CPU
		{73A1BE11-D8ED-0743-FCAE-6FDB8CE126EA}.Debug|x86.Build.0 = Debug|Any CPU
		{73A1BE11-D8ED-0743-FCAE-6FDB8CE126EA}.Release|Any CPU.ActiveCfg = Release|Any CPU
		{73A1BE11-D8ED-0743-FCAE-6FDB8CE126EA}.Release|Any CPU.Build.0 = Release|Any CPU
		{73A1BE11-D8ED-0743-FCAE-6FDB8CE126EA}.Release|x64.ActiveCfg = Release|Any CPU
		{73A1BE11-D8ED-0743-FCAE-6FDB8CE126EA}.Release|x64.Build.0 = Release|Any CPU
		{73A1BE11-D8ED-0743-FCAE-6FDB8CE126EA}.Release|x86.ActiveCfg = Release|Any CPU
		{73A1BE11-D8ED-0743-FCAE-6FDB8CE126EA}.Release|x86.Build.0 = Release|Any CPU
		{F1D3C273-B13B-5CF7-5075-65A064EC3A7C}.Debug|Any CPU.ActiveCfg = Debug|Any CPU
		{F1D3C273-B13B-5CF7-5075-65A064EC3A7C}.Debug|Any CPU.Build.0 = Debug|Any CPU
		{F1D3C273-B13B-5CF7-5075-65A064EC3A7C}.Debug|x64.ActiveCfg = Debug|Any CPU
		{F1D3C273-B13B-5CF7-5075-65A064EC3A7C}.Debug|x64.Build.0 = Debug|Any CPU
		{F1D3C273-B13B-5CF7-5075-65A064EC3A7C}.Debug|x86.ActiveCfg = Debug|Any CPU
		{F1D3C273-B13B-5CF7-5075-65A064EC3A7C}.Debug|x86.Build.0 = Debug|Any CPU
		{F1D3C273-B13B-5CF7-5075-65A064EC3A7C}.Release|Any CPU.ActiveCfg = Release|Any CPU
		{F1D3C273-B13B-5CF7-5075-65A064EC3A7C}.Release|Any CPU.Build.0 = Release|Any CPU
		{F1D3C273-B13B-5CF7-5075-65A064EC3A7C}.Release|x64.ActiveCfg = Release|Any CPU
		{F1D3C273-B13B-5CF7-5075-65A064EC3A7C}.Release|x64.Build.0 = Release|Any CPU
		{F1D3C273-B13B-5CF7-5075-65A064EC3A7C}.Release|x86.ActiveCfg = Release|Any CPU
		{F1D3C273-B13B-5CF7-5075-65A064EC3A7C}.Release|x86.Build.0 = Release|Any CPU
		{3B6A4B67-FD55-CF70-6D37-5277C848FF30}.Debug|Any CPU.ActiveCfg = Debug|Any CPU
		{3B6A4B67-FD55-CF70-6D37-5277C848FF30}.Debug|Any CPU.Build.0 = Debug|Any CPU
		{3B6A4B67-FD55-CF70-6D37-5277C848FF30}.Debug|x64.ActiveCfg = Debug|Any CPU
		{3B6A4B67-FD55-CF70-6D37-5277C848FF30}.Debug|x64.Build.0 = Debug|Any CPU
		{3B6A4B67-FD55-CF70-6D37-5277C848FF30}.Debug|x86.ActiveCfg = Debug|Any CPU
		{3B6A4B67-FD55-CF70-6D37-5277C848FF30}.Debug|x86.Build.0 = Debug|Any CPU
		{3B6A4B67-FD55-CF70-6D37-5277C848FF30}.Release|Any CPU.ActiveCfg = Release|Any CPU
		{3B6A4B67-FD55-CF70-6D37-5277C848FF30}.Release|Any CPU.Build.0 = Release|Any CPU
		{3B6A4B67-FD55-CF70-6D37-5277C848FF30}.Release|x64.ActiveCfg = Release|Any CPU
		{3B6A4B67-FD55-CF70-6D37-5277C848FF30}.Release|x64.Build.0 = Release|Any CPU
		{3B6A4B67-FD55-CF70-6D37-5277C848FF30}.Release|x86.ActiveCfg = Release|Any CPU
		{3B6A4B67-FD55-CF70-6D37-5277C848FF30}.Release|x86.Build.0 = Release|Any CPU
		{4B366BF2-A786-6369-203C-4E1C0C7C6A79}.Debug|Any CPU.ActiveCfg = Debug|Any CPU
		{4B366BF2-A786-6369-203C-4E1C0C7C6A79}.Debug|Any CPU.Build.0 = Debug|Any CPU
		{4B366BF2-A786-6369-203C-4E1C0C7C6A79}.Debug|x64.ActiveCfg = Debug|Any CPU
		{4B366BF2-A786-6369-203C-4E1C0C7C6A79}.Debug|x64.Build.0 = Debug|Any CPU
		{4B366BF2-A786-6369-203C-4E1C0C7C6A79}.Debug|x86.ActiveCfg = Debug|Any CPU
		{4B366BF2-A786-6369-203C-4E1C0C7C6A79}.Debug|x86.Build.0 = Debug|Any CPU
		{4B366BF2-A786-6369-203C-4E1C0C7C6A79}.Release|Any CPU.ActiveCfg = Release|Any CPU
		{4B366BF2-A786-6369-203C-4E1C0C7C6A79}.Release|Any CPU.Build.0 = Release|Any CPU
		{4B366BF2-A786-6369-203C-4E1C0C7C6A79}.Release|x64.ActiveCfg = Release|Any CPU
		{4B366BF2-A786-6369-203C-4E1C0C7C6A79}.Release|x64.Build.0 = Release|Any CPU
		{4B366BF2-A786-6369-203C-4E1C0C7C6A79}.Release|x86.ActiveCfg = Release|Any CPU
		{4B366BF2-A786-6369-203C-4E1C0C7C6A79}.Release|x86.Build.0 = Release|Any CPU
		{31F9F855-CB55-BFE0-19A8-893C0D448B33}.Debug|Any CPU.ActiveCfg = Debug|Any CPU
		{31F9F855-CB55-BFE0-19A8-893C0D448B33}.Debug|Any CPU.Build.0 = Debug|Any CPU
		{31F9F855-CB55-BFE0-19A8-893C0D448B33}.Debug|x64.ActiveCfg = Debug|Any CPU
		{31F9F855-CB55-BFE0-19A8-893C0D448B33}.Debug|x64.Build.0 = Debug|Any CPU
		{31F9F855-CB55-BFE0-19A8-893C0D448B33}.Debug|x86.ActiveCfg = Debug|Any CPU
		{31F9F855-CB55-BFE0-19A8-893C0D448B33}.Debug|x86.Build.0 = Debug|Any CPU
		{31F9F855-CB55-BFE0-19A8-893C0D448B33}.Release|Any CPU.ActiveCfg = Release|Any CPU
		{31F9F855-CB55-BFE0-19A8-893C0D448B33}.Release|Any CPU.Build.0 = Release|Any CPU
		{31F9F855-CB55-BFE0-19A8-893C0D448B33}.Release|x64.ActiveCfg = Release|Any CPU
		{31F9F855-CB55-BFE0-19A8-893C0D448B33}.Release|x64.Build.0 = Release|Any CPU
		{31F9F855-CB55-BFE0-19A8-893C0D448B33}.Release|x86.ActiveCfg = Release|Any CPU
		{31F9F855-CB55-BFE0-19A8-893C0D448B33}.Release|x86.Build.0 = Release|Any CPU
		{DE5BBEF9-4A61-4DED-85AC-35953DF189B9}.Debug|Any CPU.ActiveCfg = Debug|Any CPU
		{DE5BBEF9-4A61-4DED-85AC-35953DF189B9}.Debug|Any CPU.Build.0 = Debug|Any CPU
		{DE5BBEF9-4A61-4DED-85AC-35953DF189B9}.Debug|x64.ActiveCfg = Debug|Any CPU
		{DE5BBEF9-4A61-4DED-85AC-35953DF189B9}.Debug|x64.Build.0 = Debug|Any CPU
		{DE5BBEF9-4A61-4DED-85AC-35953DF189B9}.Debug|x86.ActiveCfg = Debug|Any CPU
		{DE5BBEF9-4A61-4DED-85AC-35953DF189B9}.Debug|x86.Build.0 = Debug|Any CPU
		{DE5BBEF9-4A61-4DED-85AC-35953DF189B9}.Release|Any CPU.ActiveCfg = Release|Any CPU
		{DE5BBEF9-4A61-4DED-85AC-35953DF189B9}.Release|Any CPU.Build.0 = Release|Any CPU
		{DE5BBEF9-4A61-4DED-85AC-35953DF189B9}.Release|x64.ActiveCfg = Release|Any CPU
		{DE5BBEF9-4A61-4DED-85AC-35953DF189B9}.Release|x64.Build.0 = Release|Any CPU
		{DE5BBEF9-4A61-4DED-85AC-35953DF189B9}.Release|x86.ActiveCfg = Release|Any CPU
		{DE5BBEF9-4A61-4DED-85AC-35953DF189B9}.Release|x86.Build.0 = Release|Any CPU
		{90ED18D8-59DC-10EA-4546-5F4BE2C87861}.Debug|Any CPU.ActiveCfg = Debug|Any CPU
		{90ED18D8-59DC-10EA-4546-5F4BE2C87861}.Debug|Any CPU.Build.0 = Debug|Any CPU
		{90ED18D8-59DC-10EA-4546-5F4BE2C87861}.Debug|x64.ActiveCfg = Debug|Any CPU
		{90ED18D8-59DC-10EA-4546-5F4BE2C87861}.Debug|x64.Build.0 = Debug|Any CPU
		{90ED18D8-59DC-10EA-4546-5F4BE2C87861}.Debug|x86.ActiveCfg = Debug|Any CPU
		{90ED18D8-59DC-10EA-4546-5F4BE2C87861}.Debug|x86.Build.0 = Debug|Any CPU
		{90ED18D8-59DC-10EA-4546-5F4BE2C87861}.Release|Any CPU.ActiveCfg = Release|Any CPU
		{90ED18D8-59DC-10EA-4546-5F4BE2C87861}.Release|Any CPU.Build.0 = Release|Any CPU
		{90ED18D8-59DC-10EA-4546-5F4BE2C87861}.Release|x64.ActiveCfg = Release|Any CPU
		{90ED18D8-59DC-10EA-4546-5F4BE2C87861}.Release|x64.Build.0 = Release|Any CPU
		{90ED18D8-59DC-10EA-4546-5F4BE2C87861}.Release|x86.ActiveCfg = Release|Any CPU
		{90ED18D8-59DC-10EA-4546-5F4BE2C87861}.Release|x86.Build.0 = Release|Any CPU
		{74A28C5C-F5BE-3434-8096-D1C6021C5DC0}.Debug|Any CPU.ActiveCfg = Debug|Any CPU
		{74A28C5C-F5BE-3434-8096-D1C6021C5DC0}.Debug|Any CPU.Build.0 = Debug|Any CPU
		{74A28C5C-F5BE-3434-8096-D1C6021C5DC0}.Debug|x64.ActiveCfg = Debug|Any CPU
		{74A28C5C-F5BE-3434-8096-D1C6021C5DC0}.Debug|x64.Build.0 = Debug|Any CPU
		{74A28C5C-F5BE-3434-8096-D1C6021C5DC0}.Debug|x86.ActiveCfg = Debug|Any CPU
		{74A28C5C-F5BE-3434-8096-D1C6021C5DC0}.Debug|x86.Build.0 = Debug|Any CPU
		{74A28C5C-F5BE-3434-8096-D1C6021C5DC0}.Release|Any CPU.ActiveCfg = Release|Any CPU
		{74A28C5C-F5BE-3434-8096-D1C6021C5DC0}.Release|Any CPU.Build.0 = Release|Any CPU
		{74A28C5C-F5BE-3434-8096-D1C6021C5DC0}.Release|x64.ActiveCfg = Release|Any CPU
		{74A28C5C-F5BE-3434-8096-D1C6021C5DC0}.Release|x64.Build.0 = Release|Any CPU
		{74A28C5C-F5BE-3434-8096-D1C6021C5DC0}.Release|x86.ActiveCfg = Release|Any CPU
		{74A28C5C-F5BE-3434-8096-D1C6021C5DC0}.Release|x86.Build.0 = Release|Any CPU
		{E236F35F-A16D-9715-70E1-DA8F5C7755EC}.Debug|Any CPU.ActiveCfg = Debug|Any CPU
		{E236F35F-A16D-9715-70E1-DA8F5C7755EC}.Debug|Any CPU.Build.0 = Debug|Any CPU
		{E236F35F-A16D-9715-70E1-DA8F5C7755EC}.Debug|x64.ActiveCfg = Debug|Any CPU
		{E236F35F-A16D-9715-70E1-DA8F5C7755EC}.Debug|x64.Build.0 = Debug|Any CPU
		{E236F35F-A16D-9715-70E1-DA8F5C7755EC}.Debug|x86.ActiveCfg = Debug|Any CPU
		{E236F35F-A16D-9715-70E1-DA8F5C7755EC}.Debug|x86.Build.0 = Debug|Any CPU
		{E236F35F-A16D-9715-70E1-DA8F5C7755EC}.Release|Any CPU.ActiveCfg = Release|Any CPU
		{E236F35F-A16D-9715-70E1-DA8F5C7755EC}.Release|Any CPU.Build.0 = Release|Any CPU
		{E236F35F-A16D-9715-70E1-DA8F5C7755EC}.Release|x64.ActiveCfg = Release|Any CPU
		{E236F35F-A16D-9715-70E1-DA8F5C7755EC}.Release|x64.Build.0 = Release|Any CPU
		{E236F35F-A16D-9715-70E1-DA8F5C7755EC}.Release|x86.ActiveCfg = Release|Any CPU
		{E236F35F-A16D-9715-70E1-DA8F5C7755EC}.Release|x86.Build.0 = Release|Any CPU
		{2AF576A8-10A7-D994-FD33-7E32C6836A9C}.Debug|Any CPU.ActiveCfg = Debug|Any CPU
		{2AF576A8-10A7-D994-FD33-7E32C6836A9C}.Debug|Any CPU.Build.0 = Debug|Any CPU
		{2AF576A8-10A7-D994-FD33-7E32C6836A9C}.Debug|x64.ActiveCfg = Debug|Any CPU
		{2AF576A8-10A7-D994-FD33-7E32C6836A9C}.Debug|x64.Build.0 = Debug|Any CPU
		{2AF576A8-10A7-D994-FD33-7E32C6836A9C}.Debug|x86.ActiveCfg = Debug|Any CPU
		{2AF576A8-10A7-D994-FD33-7E32C6836A9C}.Debug|x86.Build.0 = Debug|Any CPU
		{2AF576A8-10A7-D994-FD33-7E32C6836A9C}.Release|Any CPU.ActiveCfg = Release|Any CPU
		{2AF576A8-10A7-D994-FD33-7E32C6836A9C}.Release|Any CPU.Build.0 = Release|Any CPU
		{2AF576A8-10A7-D994-FD33-7E32C6836A9C}.Release|x64.ActiveCfg = Release|Any CPU
		{2AF576A8-10A7-D994-FD33-7E32C6836A9C}.Release|x64.Build.0 = Release|Any CPU
		{2AF576A8-10A7-D994-FD33-7E32C6836A9C}.Release|x86.ActiveCfg = Release|Any CPU
		{2AF576A8-10A7-D994-FD33-7E32C6836A9C}.Release|x86.Build.0 = Release|Any CPU
		{ADEADA7B-80D9-3596-F25B-1FD95B0776A0}.Debug|Any CPU.ActiveCfg = Debug|Any CPU
		{ADEADA7B-80D9-3596-F25B-1FD95B0776A0}.Debug|Any CPU.Build.0 = Debug|Any CPU
		{ADEADA7B-80D9-3596-F25B-1FD95B0776A0}.Debug|x64.ActiveCfg = Debug|Any CPU
		{ADEADA7B-80D9-3596-F25B-1FD95B0776A0}.Debug|x64.Build.0 = Debug|Any CPU
		{ADEADA7B-80D9-3596-F25B-1FD95B0776A0}.Debug|x86.ActiveCfg = Debug|Any CPU
		{ADEADA7B-80D9-3596-F25B-1FD95B0776A0}.Debug|x86.Build.0 = Debug|Any CPU
		{ADEADA7B-80D9-3596-F25B-1FD95B0776A0}.Release|Any CPU.ActiveCfg = Release|Any CPU
		{ADEADA7B-80D9-3596-F25B-1FD95B0776A0}.Release|Any CPU.Build.0 = Release|Any CPU
		{ADEADA7B-80D9-3596-F25B-1FD95B0776A0}.Release|x64.ActiveCfg = Release|Any CPU
		{ADEADA7B-80D9-3596-F25B-1FD95B0776A0}.Release|x64.Build.0 = Release|Any CPU
		{ADEADA7B-80D9-3596-F25B-1FD95B0776A0}.Release|x86.ActiveCfg = Release|Any CPU
		{ADEADA7B-80D9-3596-F25B-1FD95B0776A0}.Release|x86.Build.0 = Release|Any CPU
		{18D49314-22F8-8ED8-F18F-56AE8BBBF59C}.Debug|Any CPU.ActiveCfg = Debug|Any CPU
		{18D49314-22F8-8ED8-F18F-56AE8BBBF59C}.Debug|Any CPU.Build.0 = Debug|Any CPU
		{18D49314-22F8-8ED8-F18F-56AE8BBBF59C}.Debug|x64.ActiveCfg = Debug|Any CPU
		{18D49314-22F8-8ED8-F18F-56AE8BBBF59C}.Debug|x64.Build.0 = Debug|Any CPU
		{18D49314-22F8-8ED8-F18F-56AE8BBBF59C}.Debug|x86.ActiveCfg = Debug|Any CPU
		{18D49314-22F8-8ED8-F18F-56AE8BBBF59C}.Debug|x86.Build.0 = Debug|Any CPU
		{18D49314-22F8-8ED8-F18F-56AE8BBBF59C}.Release|Any CPU.ActiveCfg = Release|Any CPU
		{18D49314-22F8-8ED8-F18F-56AE8BBBF59C}.Release|Any CPU.Build.0 = Release|Any CPU
		{18D49314-22F8-8ED8-F18F-56AE8BBBF59C}.Release|x64.ActiveCfg = Release|Any CPU
		{18D49314-22F8-8ED8-F18F-56AE8BBBF59C}.Release|x64.Build.0 = Release|Any CPU
		{18D49314-22F8-8ED8-F18F-56AE8BBBF59C}.Release|x86.ActiveCfg = Release|Any CPU
		{18D49314-22F8-8ED8-F18F-56AE8BBBF59C}.Release|x86.Build.0 = Release|Any CPU
		{90D79DD3-FEC5-B6B2-4276-8675CB4AB11F}.Debug|Any CPU.ActiveCfg = Debug|Any CPU
		{90D79DD3-FEC5-B6B2-4276-8675CB4AB11F}.Debug|Any CPU.Build.0 = Debug|Any CPU
		{90D79DD3-FEC5-B6B2-4276-8675CB4AB11F}.Debug|x64.ActiveCfg = Debug|Any CPU
		{90D79DD3-FEC5-B6B2-4276-8675CB4AB11F}.Debug|x64.Build.0 = Debug|Any CPU
		{90D79DD3-FEC5-B6B2-4276-8675CB4AB11F}.Debug|x86.ActiveCfg = Debug|Any CPU
		{90D79DD3-FEC5-B6B2-4276-8675CB4AB11F}.Debug|x86.Build.0 = Debug|Any CPU
		{90D79DD3-FEC5-B6B2-4276-8675CB4AB11F}.Release|Any CPU.ActiveCfg = Release|Any CPU
		{90D79DD3-FEC5-B6B2-4276-8675CB4AB11F}.Release|Any CPU.Build.0 = Release|Any CPU
		{90D79DD3-FEC5-B6B2-4276-8675CB4AB11F}.Release|x64.ActiveCfg = Release|Any CPU
		{90D79DD3-FEC5-B6B2-4276-8675CB4AB11F}.Release|x64.Build.0 = Release|Any CPU
		{90D79DD3-FEC5-B6B2-4276-8675CB4AB11F}.Release|x86.ActiveCfg = Release|Any CPU
		{90D79DD3-FEC5-B6B2-4276-8675CB4AB11F}.Release|x86.Build.0 = Release|Any CPU
		{602E0774-E694-5009-F9A0-7A492608C965}.Debug|Any CPU.ActiveCfg = Debug|Any CPU
		{602E0774-E694-5009-F9A0-7A492608C965}.Debug|Any CPU.Build.0 = Debug|Any CPU
		{602E0774-E694-5009-F9A0-7A492608C965}.Debug|x64.ActiveCfg = Debug|Any CPU
		{602E0774-E694-5009-F9A0-7A492608C965}.Debug|x64.Build.0 = Debug|Any CPU
		{602E0774-E694-5009-F9A0-7A492608C965}.Debug|x86.ActiveCfg = Debug|Any CPU
		{602E0774-E694-5009-F9A0-7A492608C965}.Debug|x86.Build.0 = Debug|Any CPU
		{602E0774-E694-5009-F9A0-7A492608C965}.Release|Any CPU.ActiveCfg = Release|Any CPU
		{602E0774-E694-5009-F9A0-7A492608C965}.Release|Any CPU.Build.0 = Release|Any CPU
		{602E0774-E694-5009-F9A0-7A492608C965}.Release|x64.ActiveCfg = Release|Any CPU
		{602E0774-E694-5009-F9A0-7A492608C965}.Release|x64.Build.0 = Release|Any CPU
		{602E0774-E694-5009-F9A0-7A492608C965}.Release|x86.ActiveCfg = Release|Any CPU
		{602E0774-E694-5009-F9A0-7A492608C965}.Release|x86.Build.0 = Release|Any CPU
		{E4FEF381-8C82-E6B8-99AE-39DC19274625}.Debug|Any CPU.ActiveCfg = Debug|Any CPU
		{E4FEF381-8C82-E6B8-99AE-39DC19274625}.Debug|Any CPU.Build.0 = Debug|Any CPU
		{E4FEF381-8C82-E6B8-99AE-39DC19274625}.Debug|x64.ActiveCfg = Debug|Any CPU
		{E4FEF381-8C82-E6B8-99AE-39DC19274625}.Debug|x64.Build.0 = Debug|Any CPU
		{E4FEF381-8C82-E6B8-99AE-39DC19274625}.Debug|x86.ActiveCfg = Debug|Any CPU
		{E4FEF381-8C82-E6B8-99AE-39DC19274625}.Debug|x86.Build.0 = Debug|Any CPU
		{E4FEF381-8C82-E6B8-99AE-39DC19274625}.Release|Any CPU.ActiveCfg = Release|Any CPU
		{E4FEF381-8C82-E6B8-99AE-39DC19274625}.Release|Any CPU.Build.0 = Release|Any CPU
		{E4FEF381-8C82-E6B8-99AE-39DC19274625}.Release|x64.ActiveCfg = Release|Any CPU
		{E4FEF381-8C82-E6B8-99AE-39DC19274625}.Release|x64.Build.0 = Release|Any CPU
		{E4FEF381-8C82-E6B8-99AE-39DC19274625}.Release|x86.ActiveCfg = Release|Any CPU
		{E4FEF381-8C82-E6B8-99AE-39DC19274625}.Release|x86.Build.0 = Release|Any CPU
		{59F51E9D-8C63-C2B1-AFC2-3081955E4A77}.Debug|Any CPU.ActiveCfg = Debug|Any CPU
		{59F51E9D-8C63-C2B1-AFC2-3081955E4A77}.Debug|Any CPU.Build.0 = Debug|Any CPU
		{59F51E9D-8C63-C2B1-AFC2-3081955E4A77}.Debug|x64.ActiveCfg = Debug|Any CPU
		{59F51E9D-8C63-C2B1-AFC2-3081955E4A77}.Debug|x64.Build.0 = Debug|Any CPU
		{59F51E9D-8C63-C2B1-AFC2-3081955E4A77}.Debug|x86.ActiveCfg = Debug|Any CPU
		{59F51E9D-8C63-C2B1-AFC2-3081955E4A77}.Debug|x86.Build.0 = Debug|Any CPU
		{59F51E9D-8C63-C2B1-AFC2-3081955E4A77}.Release|Any CPU.ActiveCfg = Release|Any CPU
		{59F51E9D-8C63-C2B1-AFC2-3081955E4A77}.Release|Any CPU.Build.0 = Release|Any CPU
		{59F51E9D-8C63-C2B1-AFC2-3081955E4A77}.Release|x64.ActiveCfg = Release|Any CPU
		{59F51E9D-8C63-C2B1-AFC2-3081955E4A77}.Release|x64.Build.0 = Release|Any CPU
		{59F51E9D-8C63-C2B1-AFC2-3081955E4A77}.Release|x86.ActiveCfg = Release|Any CPU
		{59F51E9D-8C63-C2B1-AFC2-3081955E4A77}.Release|x86.Build.0 = Release|Any CPU
		{3F65094B-51E4-8C5A-17AC-A5CDE6D14B98}.Debug|Any CPU.ActiveCfg = Debug|Any CPU
		{3F65094B-51E4-8C5A-17AC-A5CDE6D14B98}.Debug|Any CPU.Build.0 = Debug|Any CPU
		{3F65094B-51E4-8C5A-17AC-A5CDE6D14B98}.Debug|x64.ActiveCfg = Debug|Any CPU
		{3F65094B-51E4-8C5A-17AC-A5CDE6D14B98}.Debug|x64.Build.0 = Debug|Any CPU
		{3F65094B-51E4-8C5A-17AC-A5CDE6D14B98}.Debug|x86.ActiveCfg = Debug|Any CPU
		{3F65094B-51E4-8C5A-17AC-A5CDE6D14B98}.Debug|x86.Build.0 = Debug|Any CPU
		{3F65094B-51E4-8C5A-17AC-A5CDE6D14B98}.Release|Any CPU.ActiveCfg = Release|Any CPU
		{3F65094B-51E4-8C5A-17AC-A5CDE6D14B98}.Release|Any CPU.Build.0 = Release|Any CPU
		{3F65094B-51E4-8C5A-17AC-A5CDE6D14B98}.Release|x64.ActiveCfg = Release|Any CPU
		{3F65094B-51E4-8C5A-17AC-A5CDE6D14B98}.Release|x64.Build.0 = Release|Any CPU
		{3F65094B-51E4-8C5A-17AC-A5CDE6D14B98}.Release|x86.ActiveCfg = Release|Any CPU
		{3F65094B-51E4-8C5A-17AC-A5CDE6D14B98}.Release|x86.Build.0 = Release|Any CPU
		{E99EE275-2F6B-E956-0A46-E9574968E07A}.Debug|Any CPU.ActiveCfg = Debug|Any CPU
		{E99EE275-2F6B-E956-0A46-E9574968E07A}.Debug|Any CPU.Build.0 = Debug|Any CPU
		{E99EE275-2F6B-E956-0A46-E9574968E07A}.Debug|x64.ActiveCfg = Debug|Any CPU
		{E99EE275-2F6B-E956-0A46-E9574968E07A}.Debug|x64.Build.0 = Debug|Any CPU
		{E99EE275-2F6B-E956-0A46-E9574968E07A}.Debug|x86.ActiveCfg = Debug|Any CPU
		{E99EE275-2F6B-E956-0A46-E9574968E07A}.Debug|x86.Build.0 = Debug|Any CPU
		{E99EE275-2F6B-E956-0A46-E9574968E07A}.Release|Any CPU.ActiveCfg = Release|Any CPU
		{E99EE275-2F6B-E956-0A46-E9574968E07A}.Release|Any CPU.Build.0 = Release|Any CPU
		{E99EE275-2F6B-E956-0A46-E9574968E07A}.Release|x64.ActiveCfg = Release|Any CPU
		{E99EE275-2F6B-E956-0A46-E9574968E07A}.Release|x64.Build.0 = Release|Any CPU
		{E99EE275-2F6B-E956-0A46-E9574968E07A}.Release|x86.ActiveCfg = Release|Any CPU
		{E99EE275-2F6B-E956-0A46-E9574968E07A}.Release|x86.Build.0 = Release|Any CPU
		{1EE30D03-2595-D1CF-5CCF-811714A19E7A}.Debug|Any CPU.ActiveCfg = Debug|Any CPU
		{1EE30D03-2595-D1CF-5CCF-811714A19E7A}.Debug|Any CPU.Build.0 = Debug|Any CPU
		{1EE30D03-2595-D1CF-5CCF-811714A19E7A}.Debug|x64.ActiveCfg = Debug|Any CPU
		{1EE30D03-2595-D1CF-5CCF-811714A19E7A}.Debug|x64.Build.0 = Debug|Any CPU
		{1EE30D03-2595-D1CF-5CCF-811714A19E7A}.Debug|x86.ActiveCfg = Debug|Any CPU
		{1EE30D03-2595-D1CF-5CCF-811714A19E7A}.Debug|x86.Build.0 = Debug|Any CPU
		{1EE30D03-2595-D1CF-5CCF-811714A19E7A}.Release|Any CPU.ActiveCfg = Release|Any CPU
		{1EE30D03-2595-D1CF-5CCF-811714A19E7A}.Release|Any CPU.Build.0 = Release|Any CPU
		{1EE30D03-2595-D1CF-5CCF-811714A19E7A}.Release|x64.ActiveCfg = Release|Any CPU
		{1EE30D03-2595-D1CF-5CCF-811714A19E7A}.Release|x64.Build.0 = Release|Any CPU
		{1EE30D03-2595-D1CF-5CCF-811714A19E7A}.Release|x86.ActiveCfg = Release|Any CPU
		{1EE30D03-2595-D1CF-5CCF-811714A19E7A}.Release|x86.Build.0 = Release|Any CPU
		{3DA702B9-437A-CC85-D91F-993A5F1F0576}.Debug|Any CPU.ActiveCfg = Debug|Any CPU
		{3DA702B9-437A-CC85-D91F-993A5F1F0576}.Debug|Any CPU.Build.0 = Debug|Any CPU
		{3DA702B9-437A-CC85-D91F-993A5F1F0576}.Debug|x64.ActiveCfg = Debug|Any CPU
		{3DA702B9-437A-CC85-D91F-993A5F1F0576}.Debug|x64.Build.0 = Debug|Any CPU
		{3DA702B9-437A-CC85-D91F-993A5F1F0576}.Debug|x86.ActiveCfg = Debug|Any CPU
		{3DA702B9-437A-CC85-D91F-993A5F1F0576}.Debug|x86.Build.0 = Debug|Any CPU
		{3DA702B9-437A-CC85-D91F-993A5F1F0576}.Release|Any CPU.ActiveCfg = Release|Any CPU
		{3DA702B9-437A-CC85-D91F-993A5F1F0576}.Release|Any CPU.Build.0 = Release|Any CPU
		{3DA702B9-437A-CC85-D91F-993A5F1F0576}.Release|x64.ActiveCfg = Release|Any CPU
		{3DA702B9-437A-CC85-D91F-993A5F1F0576}.Release|x64.Build.0 = Release|Any CPU
		{3DA702B9-437A-CC85-D91F-993A5F1F0576}.Release|x86.ActiveCfg = Release|Any CPU
		{3DA702B9-437A-CC85-D91F-993A5F1F0576}.Release|x86.Build.0 = Release|Any CPU
		{420F5F1C-1311-2501-1887-D0DF280F8ECC}.Debug|Any CPU.ActiveCfg = Debug|Any CPU
		{420F5F1C-1311-2501-1887-D0DF280F8ECC}.Debug|Any CPU.Build.0 = Debug|Any CPU
		{420F5F1C-1311-2501-1887-D0DF280F8ECC}.Debug|x64.ActiveCfg = Debug|Any CPU
		{420F5F1C-1311-2501-1887-D0DF280F8ECC}.Debug|x64.Build.0 = Debug|Any CPU
		{420F5F1C-1311-2501-1887-D0DF280F8ECC}.Debug|x86.ActiveCfg = Debug|Any CPU
		{420F5F1C-1311-2501-1887-D0DF280F8ECC}.Debug|x86.Build.0 = Debug|Any CPU
		{420F5F1C-1311-2501-1887-D0DF280F8ECC}.Release|Any CPU.ActiveCfg = Release|Any CPU
		{420F5F1C-1311-2501-1887-D0DF280F8ECC}.Release|Any CPU.Build.0 = Release|Any CPU
		{420F5F1C-1311-2501-1887-D0DF280F8ECC}.Release|x64.ActiveCfg = Release|Any CPU
		{420F5F1C-1311-2501-1887-D0DF280F8ECC}.Release|x64.Build.0 = Release|Any CPU
		{420F5F1C-1311-2501-1887-D0DF280F8ECC}.Release|x86.ActiveCfg = Release|Any CPU
		{420F5F1C-1311-2501-1887-D0DF280F8ECC}.Release|x86.Build.0 = Release|Any CPU
		{C922AD0B-01C8-326F-F207-2F969663C38B}.Debug|Any CPU.ActiveCfg = Debug|Any CPU
		{C922AD0B-01C8-326F-F207-2F969663C38B}.Debug|Any CPU.Build.0 = Debug|Any CPU
		{C922AD0B-01C8-326F-F207-2F969663C38B}.Debug|x64.ActiveCfg = Debug|Any CPU
		{C922AD0B-01C8-326F-F207-2F969663C38B}.Debug|x64.Build.0 = Debug|Any CPU
		{C922AD0B-01C8-326F-F207-2F969663C38B}.Debug|x86.ActiveCfg = Debug|Any CPU
		{C922AD0B-01C8-326F-F207-2F969663C38B}.Debug|x86.Build.0 = Debug|Any CPU
		{C922AD0B-01C8-326F-F207-2F969663C38B}.Release|Any CPU.ActiveCfg = Release|Any CPU
		{C922AD0B-01C8-326F-F207-2F969663C38B}.Release|Any CPU.Build.0 = Release|Any CPU
		{C922AD0B-01C8-326F-F207-2F969663C38B}.Release|x64.ActiveCfg = Release|Any CPU
		{C922AD0B-01C8-326F-F207-2F969663C38B}.Release|x64.Build.0 = Release|Any CPU
		{C922AD0B-01C8-326F-F207-2F969663C38B}.Release|x86.ActiveCfg = Release|Any CPU
		{C922AD0B-01C8-326F-F207-2F969663C38B}.Release|x86.Build.0 = Release|Any CPU
		{E3C467AB-830D-0602-4442-3AFCFCD2809A}.Debug|Any CPU.ActiveCfg = Debug|Any CPU
		{E3C467AB-830D-0602-4442-3AFCFCD2809A}.Debug|Any CPU.Build.0 = Debug|Any CPU
		{E3C467AB-830D-0602-4442-3AFCFCD2809A}.Debug|x64.ActiveCfg = Debug|Any CPU
		{E3C467AB-830D-0602-4442-3AFCFCD2809A}.Debug|x64.Build.0 = Debug|Any CPU
		{E3C467AB-830D-0602-4442-3AFCFCD2809A}.Debug|x86.ActiveCfg = Debug|Any CPU
		{E3C467AB-830D-0602-4442-3AFCFCD2809A}.Debug|x86.Build.0 = Debug|Any CPU
		{E3C467AB-830D-0602-4442-3AFCFCD2809A}.Release|Any CPU.ActiveCfg = Release|Any CPU
		{E3C467AB-830D-0602-4442-3AFCFCD2809A}.Release|Any CPU.Build.0 = Release|Any CPU
		{E3C467AB-830D-0602-4442-3AFCFCD2809A}.Release|x64.ActiveCfg = Release|Any CPU
		{E3C467AB-830D-0602-4442-3AFCFCD2809A}.Release|x64.Build.0 = Release|Any CPU
		{E3C467AB-830D-0602-4442-3AFCFCD2809A}.Release|x86.ActiveCfg = Release|Any CPU
		{E3C467AB-830D-0602-4442-3AFCFCD2809A}.Release|x86.Build.0 = Release|Any CPU
		{CE7AE76A-CF0E-7E15-B893-4129E130802E}.Debug|Any CPU.ActiveCfg = Debug|Any CPU
		{CE7AE76A-CF0E-7E15-B893-4129E130802E}.Debug|Any CPU.Build.0 = Debug|Any CPU
		{CE7AE76A-CF0E-7E15-B893-4129E130802E}.Debug|x64.ActiveCfg = Debug|Any CPU
		{CE7AE76A-CF0E-7E15-B893-4129E130802E}.Debug|x64.Build.0 = Debug|Any CPU
		{CE7AE76A-CF0E-7E15-B893-4129E130802E}.Debug|x86.ActiveCfg = Debug|Any CPU
		{CE7AE76A-CF0E-7E15-B893-4129E130802E}.Debug|x86.Build.0 = Debug|Any CPU
		{CE7AE76A-CF0E-7E15-B893-4129E130802E}.Release|Any CPU.ActiveCfg = Release|Any CPU
		{CE7AE76A-CF0E-7E15-B893-4129E130802E}.Release|Any CPU.Build.0 = Release|Any CPU
		{CE7AE76A-CF0E-7E15-B893-4129E130802E}.Release|x64.ActiveCfg = Release|Any CPU
		{CE7AE76A-CF0E-7E15-B893-4129E130802E}.Release|x64.Build.0 = Release|Any CPU
		{CE7AE76A-CF0E-7E15-B893-4129E130802E}.Release|x86.ActiveCfg = Release|Any CPU
		{CE7AE76A-CF0E-7E15-B893-4129E130802E}.Release|x86.Build.0 = Release|Any CPU
		{0F5F4DF0-3A9D-A895-3089-4E592CF123CC}.Debug|Any CPU.ActiveCfg = Debug|Any CPU
		{0F5F4DF0-3A9D-A895-3089-4E592CF123CC}.Debug|Any CPU.Build.0 = Debug|Any CPU
		{0F5F4DF0-3A9D-A895-3089-4E592CF123CC}.Debug|x64.ActiveCfg = Debug|Any CPU
		{0F5F4DF0-3A9D-A895-3089-4E592CF123CC}.Debug|x64.Build.0 = Debug|Any CPU
		{0F5F4DF0-3A9D-A895-3089-4E592CF123CC}.Debug|x86.ActiveCfg = Debug|Any CPU
		{0F5F4DF0-3A9D-A895-3089-4E592CF123CC}.Debug|x86.Build.0 = Debug|Any CPU
		{0F5F4DF0-3A9D-A895-3089-4E592CF123CC}.Release|Any CPU.ActiveCfg = Release|Any CPU
		{0F5F4DF0-3A9D-A895-3089-4E592CF123CC}.Release|Any CPU.Build.0 = Release|Any CPU
		{0F5F4DF0-3A9D-A895-3089-4E592CF123CC}.Release|x64.ActiveCfg = Release|Any CPU
		{0F5F4DF0-3A9D-A895-3089-4E592CF123CC}.Release|x64.Build.0 = Release|Any CPU
		{0F5F4DF0-3A9D-A895-3089-4E592CF123CC}.Release|x86.ActiveCfg = Release|Any CPU
		{0F5F4DF0-3A9D-A895-3089-4E592CF123CC}.Release|x86.Build.0 = Release|Any CPU
		{54C7BCAC-0DA4-EE59-AB41-BAC5A398AEAA}.Debug|Any CPU.ActiveCfg = Debug|Any CPU
		{54C7BCAC-0DA4-EE59-AB41-BAC5A398AEAA}.Debug|Any CPU.Build.0 = Debug|Any CPU
		{54C7BCAC-0DA4-EE59-AB41-BAC5A398AEAA}.Debug|x64.ActiveCfg = Debug|Any CPU
		{54C7BCAC-0DA4-EE59-AB41-BAC5A398AEAA}.Debug|x64.Build.0 = Debug|Any CPU
		{54C7BCAC-0DA4-EE59-AB41-BAC5A398AEAA}.Debug|x86.ActiveCfg = Debug|Any CPU
		{54C7BCAC-0DA4-EE59-AB41-BAC5A398AEAA}.Debug|x86.Build.0 = Debug|Any CPU
		{54C7BCAC-0DA4-EE59-AB41-BAC5A398AEAA}.Release|Any CPU.ActiveCfg = Release|Any CPU
		{54C7BCAC-0DA4-EE59-AB41-BAC5A398AEAA}.Release|Any CPU.Build.0 = Release|Any CPU
		{54C7BCAC-0DA4-EE59-AB41-BAC5A398AEAA}.Release|x64.ActiveCfg = Release|Any CPU
		{54C7BCAC-0DA4-EE59-AB41-BAC5A398AEAA}.Release|x64.Build.0 = Release|Any CPU
		{54C7BCAC-0DA4-EE59-AB41-BAC5A398AEAA}.Release|x86.ActiveCfg = Release|Any CPU
		{54C7BCAC-0DA4-EE59-AB41-BAC5A398AEAA}.Release|x86.Build.0 = Release|Any CPU
		{14FEA3DB-C982-480E-B137-AA5FB351A462}.Debug|Any CPU.ActiveCfg = Debug|Any CPU
		{14FEA3DB-C982-480E-B137-AA5FB351A462}.Debug|Any CPU.Build.0 = Debug|Any CPU
		{14FEA3DB-C982-480E-B137-AA5FB351A462}.Debug|x64.ActiveCfg = Debug|Any CPU
		{14FEA3DB-C982-480E-B137-AA5FB351A462}.Debug|x64.Build.0 = Debug|Any CPU
		{14FEA3DB-C982-480E-B137-AA5FB351A462}.Debug|x86.ActiveCfg = Debug|Any CPU
		{14FEA3DB-C982-480E-B137-AA5FB351A462}.Debug|x86.Build.0 = Debug|Any CPU
		{14FEA3DB-C982-480E-B137-AA5FB351A462}.Release|Any CPU.ActiveCfg = Release|Any CPU
		{14FEA3DB-C982-480E-B137-AA5FB351A462}.Release|Any CPU.Build.0 = Release|Any CPU
		{14FEA3DB-C982-480E-B137-AA5FB351A462}.Release|x64.ActiveCfg = Release|Any CPU
		{14FEA3DB-C982-480E-B137-AA5FB351A462}.Release|x64.Build.0 = Release|Any CPU
		{14FEA3DB-C982-480E-B137-AA5FB351A462}.Release|x86.ActiveCfg = Release|Any CPU
		{14FEA3DB-C982-480E-B137-AA5FB351A462}.Release|x86.Build.0 = Release|Any CPU
		{66A27C51-9BB2-4992-B007-6FE87490B636}.Debug|Any CPU.ActiveCfg = Debug|Any CPU
		{66A27C51-9BB2-4992-B007-6FE87490B636}.Debug|Any CPU.Build.0 = Debug|Any CPU
		{66A27C51-9BB2-4992-B007-6FE87490B636}.Debug|x64.ActiveCfg = Debug|Any CPU
		{66A27C51-9BB2-4992-B007-6FE87490B636}.Debug|x64.Build.0 = Debug|Any CPU
		{66A27C51-9BB2-4992-B007-6FE87490B636}.Debug|x86.ActiveCfg = Debug|Any CPU
		{66A27C51-9BB2-4992-B007-6FE87490B636}.Debug|x86.Build.0 = Debug|Any CPU
		{66A27C51-9BB2-4992-B007-6FE87490B636}.Release|Any CPU.ActiveCfg = Release|Any CPU
		{66A27C51-9BB2-4992-B007-6FE87490B636}.Release|Any CPU.Build.0 = Release|Any CPU
		{66A27C51-9BB2-4992-B007-6FE87490B636}.Release|x64.ActiveCfg = Release|Any CPU
		{66A27C51-9BB2-4992-B007-6FE87490B636}.Release|x64.Build.0 = Release|Any CPU
		{66A27C51-9BB2-4992-B007-6FE87490B636}.Release|x86.ActiveCfg = Release|Any CPU
		{66A27C51-9BB2-4992-B007-6FE87490B636}.Release|x86.Build.0 = Release|Any CPU
		{2CAA480C-753D-4A17-868D-CEF49008CFF7}.Debug|Any CPU.ActiveCfg = Debug|Any CPU
		{2CAA480C-753D-4A17-868D-CEF49008CFF7}.Debug|Any CPU.Build.0 = Debug|Any CPU
		{2CAA480C-753D-4A17-868D-CEF49008CFF7}.Debug|x64.ActiveCfg = Debug|Any CPU
		{2CAA480C-753D-4A17-868D-CEF49008CFF7}.Debug|x64.Build.0 = Debug|Any CPU
		{2CAA480C-753D-4A17-868D-CEF49008CFF7}.Debug|x86.ActiveCfg = Debug|Any CPU
		{2CAA480C-753D-4A17-868D-CEF49008CFF7}.Debug|x86.Build.0 = Debug|Any CPU
		{2CAA480C-753D-4A17-868D-CEF49008CFF7}.Release|Any CPU.ActiveCfg = Release|Any CPU
		{2CAA480C-753D-4A17-868D-CEF49008CFF7}.Release|Any CPU.Build.0 = Release|Any CPU
		{2CAA480C-753D-4A17-868D-CEF49008CFF7}.Release|x64.ActiveCfg = Release|Any CPU
		{2CAA480C-753D-4A17-868D-CEF49008CFF7}.Release|x64.Build.0 = Release|Any CPU
		{2CAA480C-753D-4A17-868D-CEF49008CFF7}.Release|x86.ActiveCfg = Release|Any CPU
		{2CAA480C-753D-4A17-868D-CEF49008CFF7}.Release|x86.Build.0 = Release|Any CPU
	EndGlobalSection
	GlobalSection(SolutionProperties) = preSolution
		HideSolutionNode = FALSE
	EndGlobalSection
	GlobalSection(NestedProjects) = preSolution
		{204A148A-FF57-4294-B2EF-630122EC2506} = {868F13B2-CC3C-48F2-BCE3-C1448585EE6B}
		{AE0429AC-5320-8EB2-D27B-53E12CC71163} = {02EA681E-C7D8-13C7-8484-4AC65E1B71E8}
		{A9061921-9F2C-4548-A44C-A0F4A02A8932} = {02EA681E-C7D8-13C7-8484-4AC65E1B71E8}
		{F3D90361-7CC1-8628-44E6-7E02EF824AF7} = {02EA681E-C7D8-13C7-8484-4AC65E1B71E8}
		{8982A3A8-816C-1420-1259-BE726FD7327E} = {02EA681E-C7D8-13C7-8484-4AC65E1B71E8}
		{F5FEE5AC-624C-B870-C979-D38EAE6F4634} = {02EA681E-C7D8-13C7-8484-4AC65E1B71E8}
		{302F969D-3D77-51F5-1B60-9E90D473FF8B} = {02EA681E-C7D8-13C7-8484-4AC65E1B71E8}
		{7D542F1D-01D2-4FAB-F2D1-D340871AA6FA} = {02EA681E-C7D8-13C7-8484-4AC65E1B71E8}
		{F0A5C0EA-F296-4E23-ACF4-49A9807A447F} = {02EA681E-C7D8-13C7-8484-4AC65E1B71E8}
		{02FA04F5-6359-615E-5EE0-ED6FEDBA7EDE} = {02EA681E-C7D8-13C7-8484-4AC65E1B71E8}
		{BFE0165A-833A-0280-FB0B-BA5A8AC918C2} = {02EA681E-C7D8-13C7-8484-4AC65E1B71E8}
		{D471EB74-7CD6-7CE7-B37A-9FDA32A6F9D3} = {02EA681E-C7D8-13C7-8484-4AC65E1B71E8}
		{C87BB4C7-9232-5461-3E2D-1ACE884A5226} = {02EA681E-C7D8-13C7-8484-4AC65E1B71E8}
		{91630834-0D77-2506-F0CC-BBC8E3ADD2D6} = {057D51BC-860A-4F6F-86A7-7014364C2680}
		{8209F87A-42BB-0AF5-EB61-95DB02ABF00B} = {057D51BC-860A-4F6F-86A7-7014364C2680}
		{85EEF4ED-07F3-383D-FC04-3F07F50A2296} = {057D51BC-860A-4F6F-86A7-7014364C2680}
		{25C68855-5DAE-B870-9189-CEB35B157A5B} = {057D51BC-860A-4F6F-86A7-7014364C2680}
		{8900BB34-9F69-0F6B-A5EC-FF8A74591A5D} = {057D51BC-860A-4F6F-86A7-7014364C2680}
		{F43AD383-66BB-4F0F-89DC-27B73E75304A} = {057D51BC-860A-4F6F-86A7-7014364C2680}
		{BF0EB31A-9670-E468-2C20-A71255C1679D} = {057D51BC-860A-4F6F-86A7-7014364C2680}
		{1909DEED-59A8-CB0F-C4ED-72E94BC55402} = {204A148A-FF57-4294-B2EF-630122EC2506}
		{759C957A-CDE9-B580-CABD-35A59096CF30} = {204A148A-FF57-4294-B2EF-630122EC2506}
		{B87D0081-B7A8-A152-E30D-69F8D27C9070} = {204A148A-FF57-4294-B2EF-630122EC2506}
		{1C412AC8-9A7F-44B9-B5E3-8D00F433C834} = {204A148A-FF57-4294-B2EF-630122EC2506}
		{9273E321-2A9C-6F19-E45B-37A58B2E0FC1} = {E9DFBC27-49B5-42DB-AE6B-6213015318DE}
		{5D553E02-0FC5-4183-9FF0-13711768BE6A} = {868F13B2-CC3C-48F2-BCE3-C1448585EE6B}
		{88FC7594-7917-4A27-AE4E-905E26239FFD} = {868F13B2-CC3C-48F2-BCE3-C1448585EE6B}
		{67DDF066-D268-46A5-9016-7990AEACA32A} = {868F13B2-CC3C-48F2-BCE3-C1448585EE6B}
		{495FC73B-152D-4A8E-9EE0-FA9C771B9EE4} = {868F13B2-CC3C-48F2-BCE3-C1448585EE6B}
		{2B4AC094-B476-474E-938D-6527A5BCD6BC} = {868F13B2-CC3C-48F2-BCE3-C1448585EE6B}
		{9A41411C-EE7B-46CB-A3C1-27122CED6C0B} = {868F13B2-CC3C-48F2-BCE3-C1448585EE6B}
		{49A77A54-F82A-4F85-A2CF-86541513C494} = {868F13B2-CC3C-48F2-BCE3-C1448585EE6B}
		{09632E07-6098-48EB-80A1-87E4682C1F49} = {868F13B2-CC3C-48F2-BCE3-C1448585EE6B}
		{515FE8F5-CA47-6FB2-C20D-9C0E32288879} = {5D553E02-0FC5-4183-9FF0-13711768BE6A}
		{4622DE4D-7E8E-F98C-26D0-35A83985072D} = {5D553E02-0FC5-4183-9FF0-13711768BE6A}
		{58CF8157-ED41-F6E2-34BA-2C51405D8BBF} = {5D553E02-0FC5-4183-9FF0-13711768BE6A}
		{4FFDCCAE-D9DF-D66B-93DB-79710BCA45A2} = {5D553E02-0FC5-4183-9FF0-13711768BE6A}
		{1192A5E3-ABA7-37C6-6B51-83D5ACC33F84} = {88FC7594-7917-4A27-AE4E-905E26239FFD}
		{A707C0EE-F9D9-9B00-6DB8-26AF78EA68BC} = {88FC7594-7917-4A27-AE4E-905E26239FFD}
		{73A1BE11-D8ED-0743-FCAE-6FDB8CE126EA} = {88FC7594-7917-4A27-AE4E-905E26239FFD}
		{F1D3C273-B13B-5CF7-5075-65A064EC3A7C} = {88FC7594-7917-4A27-AE4E-905E26239FFD}
		{3B6A4B67-FD55-CF70-6D37-5277C848FF30} = {67DDF066-D268-46A5-9016-7990AEACA32A}
		{4B366BF2-A786-6369-203C-4E1C0C7C6A79} = {67DDF066-D268-46A5-9016-7990AEACA32A}
		{31F9F855-CB55-BFE0-19A8-893C0D448B33} = {67DDF066-D268-46A5-9016-7990AEACA32A}
		{DE5BBEF9-4A61-4DED-85AC-35953DF189B9} = {67DDF066-D268-46A5-9016-7990AEACA32A}
		{90ED18D8-59DC-10EA-4546-5F4BE2C87861} = {495FC73B-152D-4A8E-9EE0-FA9C771B9EE4}
		{74A28C5C-F5BE-3434-8096-D1C6021C5DC0} = {495FC73B-152D-4A8E-9EE0-FA9C771B9EE4}
		{E236F35F-A16D-9715-70E1-DA8F5C7755EC} = {495FC73B-152D-4A8E-9EE0-FA9C771B9EE4}
		{2AF576A8-10A7-D994-FD33-7E32C6836A9C} = {495FC73B-152D-4A8E-9EE0-FA9C771B9EE4}
		{ADEADA7B-80D9-3596-F25B-1FD95B0776A0} = {2B4AC094-B476-474E-938D-6527A5BCD6BC}
		{18D49314-22F8-8ED8-F18F-56AE8BBBF59C} = {2B4AC094-B476-474E-938D-6527A5BCD6BC}
		{90D79DD3-FEC5-B6B2-4276-8675CB4AB11F} = {2B4AC094-B476-474E-938D-6527A5BCD6BC}
		{602E0774-E694-5009-F9A0-7A492608C965} = {2B4AC094-B476-474E-938D-6527A5BCD6BC}
		{E4FEF381-8C82-E6B8-99AE-39DC19274625} = {9A41411C-EE7B-46CB-A3C1-27122CED6C0B}
		{59F51E9D-8C63-C2B1-AFC2-3081955E4A77} = {9A41411C-EE7B-46CB-A3C1-27122CED6C0B}
		{3F65094B-51E4-8C5A-17AC-A5CDE6D14B98} = {9A41411C-EE7B-46CB-A3C1-27122CED6C0B}
		{E99EE275-2F6B-E956-0A46-E9574968E07A} = {9A41411C-EE7B-46CB-A3C1-27122CED6C0B}
		{1EE30D03-2595-D1CF-5CCF-811714A19E7A} = {49A77A54-F82A-4F85-A2CF-86541513C494}
		{3DA702B9-437A-CC85-D91F-993A5F1F0576} = {49A77A54-F82A-4F85-A2CF-86541513C494}
		{420F5F1C-1311-2501-1887-D0DF280F8ECC} = {49A77A54-F82A-4F85-A2CF-86541513C494}
		{C922AD0B-01C8-326F-F207-2F969663C38B} = {49A77A54-F82A-4F85-A2CF-86541513C494}
		{E3C467AB-830D-0602-4442-3AFCFCD2809A} = {09632E07-6098-48EB-80A1-87E4682C1F49}
		{CE7AE76A-CF0E-7E15-B893-4129E130802E} = {09632E07-6098-48EB-80A1-87E4682C1F49}
		{0F5F4DF0-3A9D-A895-3089-4E592CF123CC} = {09632E07-6098-48EB-80A1-87E4682C1F49}
		{54C7BCAC-0DA4-EE59-AB41-BAC5A398AEAA} = {09632E07-6098-48EB-80A1-87E4682C1F49}
		{14FEA3DB-C982-480E-B137-AA5FB351A462} = {057D51BC-860A-4F6F-86A7-7014364C2680}
		{66A27C51-9BB2-4992-B007-6FE87490B636} = {0AB3BF05-4346-4AA6-1389-037BE0695223}
		{DCB6FCB8-FF92-AC57-0842-1F72A354D6B1} = {827E0CD3-B72D-47B6-A68D-7590B98EB39B}
		{2CAA480C-753D-4A17-868D-CEF49008CFF7} = {DCB6FCB8-FF92-AC57-0842-1F72A354D6B1}
		{C8E42992-5E42-0C2B-DBFE-AA848D06431C} = {827E0CD3-B72D-47B6-A68D-7590B98EB39B}
	EndGlobalSection
	GlobalSection(ExtensibilityGlobals) = postSolution
		SolutionGuid = {18DBD3F6-1512-4869-8C4E-7E3C09789589}
	EndGlobalSection
EndGlobal
